// !$*UTF8*$!
{
	archiveVersion = 1;
	classes = {
	};
	objectVersion = 46;
	objects = {

/* Begin PBXBuildFile section */
		1734D862F48A44F01B057089 /* Pods_BluePic.framework in Frameworks */ = {isa = PBXBuildFile; fileRef = 050F2EB1BFCD092AE3169DF7 /* Pods_BluePic.framework */; };
		1B0535471CFE86460006C6F2 /* Camera.storyboard in Resources */ = {isa = PBXBuildFile; fileRef = 1B0535371CFE86460006C6F2 /* Camera.storyboard */; };
		1B0535481CFE86460006C6F2 /* Feed.storyboard in Resources */ = {isa = PBXBuildFile; fileRef = 1B0535391CFE86460006C6F2 /* Feed.storyboard */; };
		1B0535491CFE86460006C6F2 /* Main.storyboard in Resources */ = {isa = PBXBuildFile; fileRef = 1B05353B1CFE86460006C6F2 /* Main.storyboard */; };
		1B05354A1CFE86460006C6F2 /* Profile.storyboard in Resources */ = {isa = PBXBuildFile; fileRef = 1B05353D1CFE86460006C6F2 /* Profile.storyboard */; };
		1B05354B1CFE86460006C6F2 /* Camera.strings in Resources */ = {isa = PBXBuildFile; fileRef = 1B05353F1CFE86460006C6F2 /* Camera.strings */; };
		1B05354C1CFE86460006C6F2 /* Feed.strings in Resources */ = {isa = PBXBuildFile; fileRef = 1B0535411CFE86460006C6F2 /* Feed.strings */; };
		1B05354D1CFE86460006C6F2 /* Main.strings in Resources */ = {isa = PBXBuildFile; fileRef = 1B0535431CFE86460006C6F2 /* Main.strings */; };
		1B05354E1CFE86460006C6F2 /* Profile.strings in Resources */ = {isa = PBXBuildFile; fileRef = 1B0535451CFE86460006C6F2 /* Profile.strings */; };
		1B0535981D089AA80006C6F2 /* UIViewControllerExtension.swift in Sources */ = {isa = PBXBuildFile; fileRef = 1B0535971D089AA80006C6F2 /* UIViewControllerExtension.swift */; };
		1B057E061C17B10100AC21EE /* ProfileViewModel.swift in Sources */ = {isa = PBXBuildFile; fileRef = 1B057E051C17B10100AC21EE /* ProfileViewModel.swift */; };
		1B1D83881D0B53BC00638797 /* Localizable.strings in Resources */ = {isa = PBXBuildFile; fileRef = 1B1D838A1D0B53BC00638797 /* Localizable.strings */; };
		1B3BA0761C0F5FBD0064C850 /* .gitkeep in Resources */ = {isa = PBXBuildFile; fileRef = 1B3BA0751C0F5FBD0064C850 /* .gitkeep */; };
		1B40BF7C1CDA79080097F435 /* CurrentUser.swift in Sources */ = {isa = PBXBuildFile; fileRef = 1B40BF7B1CDA79080097F435 /* CurrentUser.swift */; };
		1B40BF7E1CDA83F10097F435 /* LoginDataManager.swift in Sources */ = {isa = PBXBuildFile; fileRef = 1B40BF7D1CDA83F10097F435 /* LoginDataManager.swift */; };
		1B40BF801CE0D0140097F435 /* LocationDataManager.swift in Sources */ = {isa = PBXBuildFile; fileRef = 1B40BF7F1CE0D0140097F435 /* LocationDataManager.swift */; };
		1B40BF821CE37AE30097F435 /* ImageDetailViewController.swift in Sources */ = {isa = PBXBuildFile; fileRef = 1B40BF811CE37AE30097F435 /* ImageDetailViewController.swift */; };
		1B40BF841CE3989C0097F435 /* User.swift in Sources */ = {isa = PBXBuildFile; fileRef = 1B40BF831CE3989C0097F435 /* User.swift */; };
		1B40BF861CE4DDB10097F435 /* NSAttributedStringExtension.swift in Sources */ = {isa = PBXBuildFile; fileRef = 1B40BF851CE4DDB10097F435 /* NSAttributedStringExtension.swift */; };
		1B4305991CD3EA4400474AB5 /* Image.swift in Sources */ = {isa = PBXBuildFile; fileRef = 1B4305981CD3EA4400474AB5 /* Image.swift */; };
		1B4357011CD15CF4008262A1 /* BluemixDataManager.swift in Sources */ = {isa = PBXBuildFile; fileRef = 1B4357001CD15CF4008262A1 /* BluemixDataManager.swift */; };
		1B5555BE1C1616B000B3086E /* TabBarViewModel.swift in Sources */ = {isa = PBXBuildFile; fileRef = 1B5555BD1C1616B000B3086E /* TabBarViewModel.swift */; };
		1B9199231CC6EB1B005CC4AC /* FacebookAuthenticationManager.swift in Sources */ = {isa = PBXBuildFile; fileRef = 1B9199221CC6EB1B005CC4AC /* FacebookAuthenticationManager.swift */; };
		1BC7AF5C1C0E39F100DDFD02 /* FeedViewModel.swift in Sources */ = {isa = PBXBuildFile; fileRef = 1BC7AF5B1C0E39F100DDFD02 /* FeedViewModel.swift */; };
		1BF00D0A1CEACF68009472B5 /* ProfileNavigationController.swift in Sources */ = {isa = PBXBuildFile; fileRef = 1BF00D091CEACF68009472B5 /* ProfileNavigationController.swift */; };
		1BF00D0C1CEAD27E009472B5 /* FeedNavigationController.swift in Sources */ = {isa = PBXBuildFile; fileRef = 1BF00D0B1CEAD27E009472B5 /* FeedNavigationController.swift */; };
		1BF00D0E1CEF5F52009472B5 /* ImageInfoHeaderCollectionReusableView.swift in Sources */ = {isa = PBXBuildFile; fileRef = 1BF00D0D1CEF5F52009472B5 /* ImageInfoHeaderCollectionReusableView.swift */; };
		1BF00D121CEF7939009472B5 /* ImageDetailViewModel.swift in Sources */ = {isa = PBXBuildFile; fileRef = 1BF00D111CEF7939009472B5 /* ImageDetailViewModel.swift */; };
		1BF00D491CF4B60D009472B5 /* UILabelExtension.swift in Sources */ = {isa = PBXBuildFile; fileRef = 1BF00D481CF4B60D009472B5 /* UILabelExtension.swift */; };
		1BF00D511CF4BEEA009472B5 /* ImageInfoHeaderCollectionReusableView.xib in Resources */ = {isa = PBXBuildFile; fileRef = 1BF00D531CF4BEEA009472B5 /* ImageInfoHeaderCollectionReusableView.xib */; };
		1BF00D841CF4D58A009472B5 /* CameraConfirmationView.xib in Resources */ = {isa = PBXBuildFile; fileRef = 1BF00D821CF4D58A009472B5 /* CameraConfirmationView.xib */; };
		2E1D66001DB6AC760004E2C9 /* ImageFeedTableViewCell.swift in Sources */ = {isa = PBXBuildFile; fileRef = 2E1D65FE1DB6AC760004E2C9 /* ImageFeedTableViewCell.swift */; };
		2E1D66011DB6AC760004E2C9 /* ImageFeedTableViewCell.xib in Resources */ = {isa = PBXBuildFile; fileRef = 2E1D65FF1DB6AC760004E2C9 /* ImageFeedTableViewCell.xib */; };
		2E352E8F1DB9596600F2F4EE /* ProfileTableViewCell.xib in Resources */ = {isa = PBXBuildFile; fileRef = 2E352E8E1DB9596600F2F4EE /* ProfileTableViewCell.xib */; };
		2E3B03A61DB7F5890073266C /* ImagesCurrentlyUploadingImageFeedTableViewCell.swift in Sources */ = {isa = PBXBuildFile; fileRef = 2E3B03A41DB7F5890073266C /* ImagesCurrentlyUploadingImageFeedTableViewCell.swift */; };
		2E3B03A71DB7F5890073266C /* ImagesCurrentlyUploadingImageFeedTableViewCell.xib in Resources */ = {isa = PBXBuildFile; fileRef = 2E3B03A51DB7F5890073266C /* ImagesCurrentlyUploadingImageFeedTableViewCell.xib */; };
		2E71D6171CE1197800EEBD2B /* SearchViewController.swift in Sources */ = {isa = PBXBuildFile; fileRef = 2E71D6161CE1197800EEBD2B /* SearchViewController.swift */; };
		2E72BC441CFF5D940085239B /* Server.strings in Resources */ = {isa = PBXBuildFile; fileRef = 2E72BC461CFF5D940085239B /* Server.strings */; };
		2E7C95621CE13DCE0044F6ED /* TagCollectionViewCell.swift in Sources */ = {isa = PBXBuildFile; fileRef = 2E7C95601CE13DCE0044F6ED /* TagCollectionViewCell.swift */; };
		2E7C95631CE13DCE0044F6ED /* TagCollectionViewCell.xib in Resources */ = {isa = PBXBuildFile; fileRef = 2E7C95611CE13DCE0044F6ED /* TagCollectionViewCell.xib */; };
		2EAAC0E81CE39C13006A0B41 /* KTCenterFlowLayout.m in Sources */ = {isa = PBXBuildFile; fileRef = 2EAAC0E71CE39C13006A0B41 /* KTCenterFlowLayout.m */; };
		2EEE1C0D1DB8136D00608359 /* EmptyFeedFooterView.swift in Sources */ = {isa = PBXBuildFile; fileRef = 2EEE1C0C1DB8136D00608359 /* EmptyFeedFooterView.swift */; };
		2EEE1C0F1DB8159300608359 /* EmptyFeedFooterView.xib in Resources */ = {isa = PBXBuildFile; fileRef = 2EEE1C0E1DB8159300608359 /* EmptyFeedFooterView.xib */; };
		2EEE1C111DB91CF500608359 /* ProfileHeaderView.swift in Sources */ = {isa = PBXBuildFile; fileRef = 2EEE1C101DB91CF500608359 /* ProfileHeaderView.swift */; };
		2EEE1C131DB91D3700608359 /* ProfileHeaderView.xib in Resources */ = {isa = PBXBuildFile; fileRef = 2EEE1C121DB91D3700608359 /* ProfileHeaderView.xib */; };
		2EFFCE0A1CF4F74E00820BCE /* BluemixConfiguration.swift in Sources */ = {isa = PBXBuildFile; fileRef = 2EFFCE091CF4F74E00820BCE /* BluemixConfiguration.swift */; };
		3435C7CF1C036A60004923BD /* TabBarViewController.swift in Sources */ = {isa = PBXBuildFile; fileRef = 3435C7CE1C036A60004923BD /* TabBarViewController.swift */; };
		3435C7D51C04110C004923BD /* FeedViewController.swift in Sources */ = {isa = PBXBuildFile; fileRef = 3435C7D41C04110C004923BD /* FeedViewController.swift */; };
		3435C7D71C041116004923BD /* CameraViewController.swift in Sources */ = {isa = PBXBuildFile; fileRef = 3435C7D61C041116004923BD /* CameraViewController.swift */; };
		3435C7D91C04111F004923BD /* ProfileViewController.swift in Sources */ = {isa = PBXBuildFile; fileRef = 3435C7D81C04111F004923BD /* ProfileViewController.swift */; };
		346F947C1C0F868C004999A8 /* CameraDataManager.swift in Sources */ = {isa = PBXBuildFile; fileRef = 346F947B1C0F868C004999A8 /* CameraDataManager.swift */; };
		346F94821C0F9225004999A8 /* CameraConfirmationView.swift in Sources */ = {isa = PBXBuildFile; fileRef = 346F94811C0F9225004999A8 /* CameraConfirmationView.swift */; };
		346F94841C10AA32004999A8 /* ImageIO.framework in Frameworks */ = {isa = PBXBuildFile; fileRef = 346F94831C10AA32004999A8 /* ImageIO.framework */; };
		3474728E1BFA8C6A0018B7F6 /* AppDelegate.swift in Sources */ = {isa = PBXBuildFile; fileRef = 3474728D1BFA8C6A0018B7F6 /* AppDelegate.swift */; };
		347472951BFA8C6A0018B7F6 /* Assets.xcassets in Resources */ = {isa = PBXBuildFile; fileRef = 347472941BFA8C6A0018B7F6 /* Assets.xcassets */; };
		347472981BFA8C6A0018B7F6 /* LaunchScreen.storyboard in Resources */ = {isa = PBXBuildFile; fileRef = 347472961BFA8C6A0018B7F6 /* LaunchScreen.storyboard */; };
		347472A31BFA8C6A0018B7F6 /* BluePicTests.swift in Sources */ = {isa = PBXBuildFile; fileRef = 347472A21BFA8C6A0018B7F6 /* BluePicTests.swift */; };
		347472E11BFA8DEF0018B7F6 /* NSDateExtension.swift in Sources */ = {isa = PBXBuildFile; fileRef = 347472C51BFA8DEF0018B7F6 /* NSDateExtension.swift */; };
		347472E71BFA8DEF0018B7F6 /* UIImageExtension.swift in Sources */ = {isa = PBXBuildFile; fileRef = 347472CB1BFA8DEF0018B7F6 /* UIImageExtension.swift */; };
		347472EA1BFA8DEF0018B7F6 /* UIViewExtensions.swift in Sources */ = {isa = PBXBuildFile; fileRef = 347472CE1BFA8DEF0018B7F6 /* UIViewExtensions.swift */; };
		347472EF1BFA8DEF0018B7F6 /* Utils.swift in Sources */ = {isa = PBXBuildFile; fileRef = 347472D71BFA8DEF0018B7F6 /* Utils.swift */; };
		347472F11BFA8E320018B7F6 /* LoginViewController.swift in Sources */ = {isa = PBXBuildFile; fileRef = 347472F01BFA8E320018B7F6 /* LoginViewController.swift */; };
		347AD2221C18F98600C3B473 /* LoginViewModel.swift in Sources */ = {isa = PBXBuildFile; fileRef = 347AD2211C18F98600C3B473 /* LoginViewModel.swift */; };
		34C8094D1BFCEA0400C48004 /* bluemix.plist in Resources */ = {isa = PBXBuildFile; fileRef = 34C8094C1BFCEA0400C48004 /* bluemix.plist */; };
		34C809551BFD0F2400C48004 /* FacebookDataManager.swift in Sources */ = {isa = PBXBuildFile; fileRef = 34C809541BFD0F2400C48004 /* FacebookDataManager.swift */; };
/* End PBXBuildFile section */

/* Begin PBXContainerItemProxy section */
		3474729F1BFA8C6A0018B7F6 /* PBXContainerItemProxy */ = {
			isa = PBXContainerItemProxy;
			containerPortal = 347472821BFA8C6A0018B7F6 /* Project object */;
			proxyType = 1;
			remoteGlobalIDString = 347472891BFA8C6A0018B7F6;
			remoteInfo = BluePic;
		};
/* End PBXContainerItemProxy section */

/* Begin PBXCopyFilesBuildPhase section */
		347AD2201C18E2DC00C3B473 /* Embed Frameworks */ = {
			isa = PBXCopyFilesBuildPhase;
			buildActionMask = 2147483647;
			dstPath = "";
			dstSubfolderSpec = 10;
			files = (
			);
			name = "Embed Frameworks";
			runOnlyForDeploymentPostprocessing = 0;
		};
/* End PBXCopyFilesBuildPhase section */

/* Begin PBXFileReference section */
		050F2EB1BFCD092AE3169DF7 /* Pods_BluePic.framework */ = {isa = PBXFileReference; explicitFileType = wrapper.framework; includeInIndex = 0; path = Pods_BluePic.framework; sourceTree = BUILT_PRODUCTS_DIR; };
		1B0535381CFE86460006C6F2 /* Base */ = {isa = PBXFileReference; lastKnownFileType = file.storyboard; name = Base; path = Base.lproj/Camera.storyboard; sourceTree = "<group>"; };
		1B05353A1CFE86460006C6F2 /* Base */ = {isa = PBXFileReference; lastKnownFileType = file.storyboard; name = Base; path = Base.lproj/Feed.storyboard; sourceTree = "<group>"; };
		1B05353C1CFE86460006C6F2 /* Base */ = {isa = PBXFileReference; lastKnownFileType = file.storyboard; name = Base; path = Base.lproj/Main.storyboard; sourceTree = "<group>"; };
		1B05353E1CFE86460006C6F2 /* Base */ = {isa = PBXFileReference; lastKnownFileType = file.storyboard; name = Base; path = Base.lproj/Profile.storyboard; sourceTree = "<group>"; };
		1B0535401CFE86460006C6F2 /* en */ = {isa = PBXFileReference; lastKnownFileType = text.plist.strings; name = en; path = en.lproj/Camera.strings; sourceTree = "<group>"; };
		1B0535421CFE86460006C6F2 /* en */ = {isa = PBXFileReference; lastKnownFileType = text.plist.strings; name = en; path = en.lproj/Feed.strings; sourceTree = "<group>"; };
		1B0535441CFE86460006C6F2 /* en */ = {isa = PBXFileReference; lastKnownFileType = text.plist.strings; name = en; path = en.lproj/Main.strings; sourceTree = "<group>"; };
		1B0535461CFE86460006C6F2 /* en */ = {isa = PBXFileReference; lastKnownFileType = text.plist.strings; name = en; path = en.lproj/Profile.strings; sourceTree = "<group>"; };
		1B0535971D089AA80006C6F2 /* UIViewControllerExtension.swift */ = {isa = PBXFileReference; fileEncoding = 4; lastKnownFileType = sourcecode.swift; path = UIViewControllerExtension.swift; sourceTree = "<group>"; };
		1B057E051C17B10100AC21EE /* ProfileViewModel.swift */ = {isa = PBXFileReference; fileEncoding = 4; lastKnownFileType = sourcecode.swift; path = ProfileViewModel.swift; sourceTree = "<group>"; };
		1B1D83891D0B53BC00638797 /* Base */ = {isa = PBXFileReference; lastKnownFileType = text.plist.strings; name = Base; path = Base.lproj/Localizable.strings; sourceTree = "<group>"; };
		1B1D838B1D0B53BD00638797 /* en */ = {isa = PBXFileReference; lastKnownFileType = text.plist.strings; name = en; path = en.lproj/Localizable.strings; sourceTree = "<group>"; };
		1B3BA0751C0F5FBD0064C850 /* .gitkeep */ = {isa = PBXFileReference; fileEncoding = 4; lastKnownFileType = text; path = .gitkeep; sourceTree = "<group>"; };
		1B40BF7B1CDA79080097F435 /* CurrentUser.swift */ = {isa = PBXFileReference; fileEncoding = 4; lastKnownFileType = sourcecode.swift; path = CurrentUser.swift; sourceTree = "<group>"; };
		1B40BF7D1CDA83F10097F435 /* LoginDataManager.swift */ = {isa = PBXFileReference; fileEncoding = 4; lastKnownFileType = sourcecode.swift; path = LoginDataManager.swift; sourceTree = "<group>"; };
		1B40BF7F1CE0D0140097F435 /* LocationDataManager.swift */ = {isa = PBXFileReference; fileEncoding = 4; lastKnownFileType = sourcecode.swift; path = LocationDataManager.swift; sourceTree = "<group>"; };
		1B40BF811CE37AE30097F435 /* ImageDetailViewController.swift */ = {isa = PBXFileReference; fileEncoding = 4; lastKnownFileType = sourcecode.swift; path = ImageDetailViewController.swift; sourceTree = "<group>"; };
		1B40BF831CE3989C0097F435 /* User.swift */ = {isa = PBXFileReference; fileEncoding = 4; lastKnownFileType = sourcecode.swift; path = User.swift; sourceTree = "<group>"; };
		1B40BF851CE4DDB10097F435 /* NSAttributedStringExtension.swift */ = {isa = PBXFileReference; fileEncoding = 4; lastKnownFileType = sourcecode.swift; path = NSAttributedStringExtension.swift; sourceTree = "<group>"; };
		1B4305981CD3EA4400474AB5 /* Image.swift */ = {isa = PBXFileReference; fileEncoding = 4; lastKnownFileType = sourcecode.swift; path = Image.swift; sourceTree = "<group>"; };
		1B4357001CD15CF4008262A1 /* BluemixDataManager.swift */ = {isa = PBXFileReference; fileEncoding = 4; lastKnownFileType = sourcecode.swift; path = BluemixDataManager.swift; sourceTree = "<group>"; };
		1B5555BD1C1616B000B3086E /* TabBarViewModel.swift */ = {isa = PBXFileReference; fileEncoding = 4; lastKnownFileType = sourcecode.swift; path = TabBarViewModel.swift; sourceTree = "<group>"; };
		1B9199221CC6EB1B005CC4AC /* FacebookAuthenticationManager.swift */ = {isa = PBXFileReference; fileEncoding = 4; lastKnownFileType = sourcecode.swift; path = FacebookAuthenticationManager.swift; sourceTree = "<group>"; };
		1BC7AF5B1C0E39F100DDFD02 /* FeedViewModel.swift */ = {isa = PBXFileReference; fileEncoding = 4; lastKnownFileType = sourcecode.swift; path = FeedViewModel.swift; sourceTree = "<group>"; };
		1BF00D091CEACF68009472B5 /* ProfileNavigationController.swift */ = {isa = PBXFileReference; fileEncoding = 4; lastKnownFileType = sourcecode.swift; path = ProfileNavigationController.swift; sourceTree = "<group>"; };
		1BF00D0B1CEAD27E009472B5 /* FeedNavigationController.swift */ = {isa = PBXFileReference; fileEncoding = 4; lastKnownFileType = sourcecode.swift; path = FeedNavigationController.swift; sourceTree = "<group>"; };
		1BF00D0D1CEF5F52009472B5 /* ImageInfoHeaderCollectionReusableView.swift */ = {isa = PBXFileReference; fileEncoding = 4; lastKnownFileType = sourcecode.swift; path = ImageInfoHeaderCollectionReusableView.swift; sourceTree = "<group>"; };
		1BF00D111CEF7939009472B5 /* ImageDetailViewModel.swift */ = {isa = PBXFileReference; fileEncoding = 4; lastKnownFileType = sourcecode.swift; path = ImageDetailViewModel.swift; sourceTree = "<group>"; };
		1BF00D481CF4B60D009472B5 /* UILabelExtension.swift */ = {isa = PBXFileReference; fileEncoding = 4; lastKnownFileType = sourcecode.swift; path = UILabelExtension.swift; sourceTree = "<group>"; };
		1BF00D521CF4BEEA009472B5 /* Base */ = {isa = PBXFileReference; lastKnownFileType = file.xib; name = Base; path = Base.lproj/ImageInfoHeaderCollectionReusableView.xib; sourceTree = "<group>"; };
		1BF00D551CF4BEEC009472B5 /* en */ = {isa = PBXFileReference; lastKnownFileType = text.plist.strings; name = en; path = en.lproj/ImageInfoHeaderCollectionReusableView.strings; sourceTree = "<group>"; };
		1BF00D831CF4D58A009472B5 /* Base */ = {isa = PBXFileReference; lastKnownFileType = file.xib; name = Base; path = Base.lproj/CameraConfirmationView.xib; sourceTree = "<group>"; };
		1BF00D861CF4D592009472B5 /* en */ = {isa = PBXFileReference; lastKnownFileType = text.plist.strings; name = en; path = en.lproj/CameraConfirmationView.strings; sourceTree = "<group>"; };
		2E1D65FE1DB6AC760004E2C9 /* ImageFeedTableViewCell.swift */ = {isa = PBXFileReference; fileEncoding = 4; lastKnownFileType = sourcecode.swift; path = ImageFeedTableViewCell.swift; sourceTree = "<group>"; };
		2E1D65FF1DB6AC760004E2C9 /* ImageFeedTableViewCell.xib */ = {isa = PBXFileReference; fileEncoding = 4; lastKnownFileType = file.xib; path = ImageFeedTableViewCell.xib; sourceTree = "<group>"; };
		2E352E8E1DB9596600F2F4EE /* ProfileTableViewCell.xib */ = {isa = PBXFileReference; fileEncoding = 4; lastKnownFileType = file.xib; path = ProfileTableViewCell.xib; sourceTree = "<group>"; };
		2E3B03A41DB7F5890073266C /* ImagesCurrentlyUploadingImageFeedTableViewCell.swift */ = {isa = PBXFileReference; fileEncoding = 4; lastKnownFileType = sourcecode.swift; path = ImagesCurrentlyUploadingImageFeedTableViewCell.swift; sourceTree = "<group>"; };
		2E3B03A51DB7F5890073266C /* ImagesCurrentlyUploadingImageFeedTableViewCell.xib */ = {isa = PBXFileReference; fileEncoding = 4; lastKnownFileType = file.xib; path = ImagesCurrentlyUploadingImageFeedTableViewCell.xib; sourceTree = "<group>"; };
		2E71D6161CE1197800EEBD2B /* SearchViewController.swift */ = {isa = PBXFileReference; fileEncoding = 4; lastKnownFileType = sourcecode.swift; path = SearchViewController.swift; sourceTree = "<group>"; };
		2E72BC451CFF5D940085239B /* Base */ = {isa = PBXFileReference; lastKnownFileType = text.plist.strings; name = Base; path = Base.lproj/Server.strings; sourceTree = "<group>"; };
		2E72BC471CFF5DA10085239B /* en */ = {isa = PBXFileReference; lastKnownFileType = text.plist.strings; name = en; path = en.lproj/Server.strings; sourceTree = "<group>"; };
		2E7C95601CE13DCE0044F6ED /* TagCollectionViewCell.swift */ = {isa = PBXFileReference; fileEncoding = 4; lastKnownFileType = sourcecode.swift; path = TagCollectionViewCell.swift; sourceTree = "<group>"; };
		2E7C95611CE13DCE0044F6ED /* TagCollectionViewCell.xib */ = {isa = PBXFileReference; fileEncoding = 4; lastKnownFileType = file.xib; path = TagCollectionViewCell.xib; sourceTree = "<group>"; };
		2E8DFED41D21925B00438540 /* SVProgressHUD.framework */ = {isa = PBXFileReference; lastKnownFileType = wrapper.framework; name = SVProgressHUD.framework; path = "../../../../Library/Developer/Xcode/DerivedData/BluePic-fmifxzplrvvwvwfrcfhhqiasmxjo/Build/Products/Debug-iphonesimulator/SVProgressHUD/SVProgressHUD.framework"; sourceTree = "<group>"; };
		2EAAC0E61CE39C13006A0B41 /* KTCenterFlowLayout.h */ = {isa = PBXFileReference; fileEncoding = 4; lastKnownFileType = sourcecode.c.h; path = KTCenterFlowLayout.h; sourceTree = "<group>"; };
		2EAAC0E71CE39C13006A0B41 /* KTCenterFlowLayout.m */ = {isa = PBXFileReference; fileEncoding = 4; lastKnownFileType = sourcecode.c.objc; path = KTCenterFlowLayout.m; sourceTree = "<group>"; };
		2EEE1C0C1DB8136D00608359 /* EmptyFeedFooterView.swift */ = {isa = PBXFileReference; fileEncoding = 4; lastKnownFileType = sourcecode.swift; path = EmptyFeedFooterView.swift; sourceTree = "<group>"; };
		2EEE1C0E1DB8159300608359 /* EmptyFeedFooterView.xib */ = {isa = PBXFileReference; fileEncoding = 4; lastKnownFileType = file.xib; path = EmptyFeedFooterView.xib; sourceTree = "<group>"; };
		2EEE1C101DB91CF500608359 /* ProfileHeaderView.swift */ = {isa = PBXFileReference; fileEncoding = 4; lastKnownFileType = sourcecode.swift; path = ProfileHeaderView.swift; sourceTree = "<group>"; };
		2EEE1C121DB91D3700608359 /* ProfileHeaderView.xib */ = {isa = PBXFileReference; fileEncoding = 4; lastKnownFileType = file.xib; path = ProfileHeaderView.xib; sourceTree = "<group>"; };
		2EFFCE091CF4F74E00820BCE /* BluemixConfiguration.swift */ = {isa = PBXFileReference; fileEncoding = 4; lastKnownFileType = sourcecode.swift; path = BluemixConfiguration.swift; sourceTree = "<group>"; };
		3435C7CE1C036A60004923BD /* TabBarViewController.swift */ = {isa = PBXFileReference; fileEncoding = 4; lastKnownFileType = sourcecode.swift; path = TabBarViewController.swift; sourceTree = "<group>"; };
		3435C7D41C04110C004923BD /* FeedViewController.swift */ = {isa = PBXFileReference; fileEncoding = 4; lastKnownFileType = sourcecode.swift; path = FeedViewController.swift; sourceTree = "<group>"; };
		3435C7D61C041116004923BD /* CameraViewController.swift */ = {isa = PBXFileReference; fileEncoding = 4; lastKnownFileType = sourcecode.swift; path = CameraViewController.swift; sourceTree = "<group>"; };
		3435C7D81C04111F004923BD /* ProfileViewController.swift */ = {isa = PBXFileReference; fileEncoding = 4; lastKnownFileType = sourcecode.swift; path = ProfileViewController.swift; sourceTree = "<group>"; };
		346F947B1C0F868C004999A8 /* CameraDataManager.swift */ = {isa = PBXFileReference; fileEncoding = 4; lastKnownFileType = sourcecode.swift; path = CameraDataManager.swift; sourceTree = "<group>"; };
		346F94811C0F9225004999A8 /* CameraConfirmationView.swift */ = {isa = PBXFileReference; fileEncoding = 4; lastKnownFileType = sourcecode.swift; path = CameraConfirmationView.swift; sourceTree = "<group>"; };
		346F94831C10AA32004999A8 /* ImageIO.framework */ = {isa = PBXFileReference; lastKnownFileType = wrapper.framework; name = ImageIO.framework; path = System/Library/Frameworks/ImageIO.framework; sourceTree = SDKROOT; };
		3474728A1BFA8C6A0018B7F6 /* BluePic.app */ = {isa = PBXFileReference; explicitFileType = wrapper.application; includeInIndex = 0; path = BluePic.app; sourceTree = BUILT_PRODUCTS_DIR; };
		3474728D1BFA8C6A0018B7F6 /* AppDelegate.swift */ = {isa = PBXFileReference; lastKnownFileType = sourcecode.swift; path = AppDelegate.swift; sourceTree = "<group>"; };
		347472941BFA8C6A0018B7F6 /* Assets.xcassets */ = {isa = PBXFileReference; lastKnownFileType = folder.assetcatalog; path = Assets.xcassets; sourceTree = "<group>"; };
		347472971BFA8C6A0018B7F6 /* Base */ = {isa = PBXFileReference; lastKnownFileType = file.storyboard; name = Base; path = Base.lproj/LaunchScreen.storyboard; sourceTree = "<group>"; };
		3474729E1BFA8C6A0018B7F6 /* BluePicTests.xctest */ = {isa = PBXFileReference; explicitFileType = wrapper.cfbundle; includeInIndex = 0; path = BluePicTests.xctest; sourceTree = BUILT_PRODUCTS_DIR; };
		347472A21BFA8C6A0018B7F6 /* BluePicTests.swift */ = {isa = PBXFileReference; lastKnownFileType = sourcecode.swift; path = BluePicTests.swift; sourceTree = "<group>"; };
		347472A41BFA8C6A0018B7F6 /* Info.plist */ = {isa = PBXFileReference; lastKnownFileType = text.plist.xml; path = Info.plist; sourceTree = "<group>"; };
		347472C51BFA8DEF0018B7F6 /* NSDateExtension.swift */ = {isa = PBXFileReference; fileEncoding = 4; lastKnownFileType = sourcecode.swift; path = NSDateExtension.swift; sourceTree = "<group>"; };
		347472CB1BFA8DEF0018B7F6 /* UIImageExtension.swift */ = {isa = PBXFileReference; fileEncoding = 4; lastKnownFileType = sourcecode.swift; path = UIImageExtension.swift; sourceTree = "<group>"; };
		347472CE1BFA8DEF0018B7F6 /* UIViewExtensions.swift */ = {isa = PBXFileReference; fileEncoding = 4; lastKnownFileType = sourcecode.swift; path = UIViewExtensions.swift; sourceTree = "<group>"; };
		347472D71BFA8DEF0018B7F6 /* Utils.swift */ = {isa = PBXFileReference; fileEncoding = 4; lastKnownFileType = sourcecode.swift; path = Utils.swift; sourceTree = "<group>"; };
		347472F01BFA8E320018B7F6 /* LoginViewController.swift */ = {isa = PBXFileReference; fileEncoding = 4; lastKnownFileType = sourcecode.swift; path = LoginViewController.swift; sourceTree = "<group>"; };
		347AD2211C18F98600C3B473 /* LoginViewModel.swift */ = {isa = PBXFileReference; fileEncoding = 4; lastKnownFileType = sourcecode.swift; path = LoginViewModel.swift; sourceTree = "<group>"; };
		347E276C1C1F9CD10089EC3D /* BluePic.entitlements */ = {isa = PBXFileReference; lastKnownFileType = text.xml; path = BluePic.entitlements; sourceTree = "<group>"; };
		34C8094A1BFCD9A300C48004 /* Info.plist */ = {isa = PBXFileReference; fileEncoding = 4; lastKnownFileType = text.plist.xml; path = Info.plist; sourceTree = "<group>"; };
		34C8094C1BFCEA0400C48004 /* bluemix.plist */ = {isa = PBXFileReference; fileEncoding = 4; lastKnownFileType = text.plist.xml; path = bluemix.plist; sourceTree = "<group>"; };
		34C809541BFD0F2400C48004 /* FacebookDataManager.swift */ = {isa = PBXFileReference; fileEncoding = 4; lastKnownFileType = sourcecode.swift; path = FacebookDataManager.swift; sourceTree = "<group>"; };
		6B961243483EA182951704B4 /* Pods-BluePic.debug.xcconfig */ = {isa = PBXFileReference; includeInIndex = 1; lastKnownFileType = text.xcconfig; name = "Pods-BluePic.debug.xcconfig"; path = "Pods/Target Support Files/Pods-BluePic/Pods-BluePic.debug.xcconfig"; sourceTree = "<group>"; };
		BDC4B5F21BFBC77200CC1648 /* BluePic-Bridging-Header.h */ = {isa = PBXFileReference; lastKnownFileType = sourcecode.c.h; path = "BluePic-Bridging-Header.h"; sourceTree = "<group>"; };
		D4256EC7B8C927E2AAE77625 /* Pods-BluePic.release.xcconfig */ = {isa = PBXFileReference; includeInIndex = 1; lastKnownFileType = text.xcconfig; name = "Pods-BluePic.release.xcconfig"; path = "Pods/Target Support Files/Pods-BluePic/Pods-BluePic.release.xcconfig"; sourceTree = "<group>"; };
/* End PBXFileReference section */

/* Begin PBXFrameworksBuildPhase section */
		347472871BFA8C6A0018B7F6 /* Frameworks */ = {
			isa = PBXFrameworksBuildPhase;
			buildActionMask = 2147483647;
			files = (
				346F94841C10AA32004999A8 /* ImageIO.framework in Frameworks */,
				1734D862F48A44F01B057089 /* Pods_BluePic.framework in Frameworks */,
			);
			runOnlyForDeploymentPostprocessing = 0;
		};
		3474729B1BFA8C6A0018B7F6 /* Frameworks */ = {
			isa = PBXFrameworksBuildPhase;
			buildActionMask = 2147483647;
			files = (
			);
			runOnlyForDeploymentPostprocessing = 0;
		};
/* End PBXFrameworksBuildPhase section */

/* Begin PBXGroup section */
		0394F58FD5877398D21B1A47 /* Pods */ = {
			isa = PBXGroup;
			children = (
				6B961243483EA182951704B4 /* Pods-BluePic.debug.xcconfig */,
				D4256EC7B8C927E2AAE77625 /* Pods-BluePic.release.xcconfig */,
			);
			name = Pods;
			sourceTree = "<group>";
		};
		1B0535361CFE86460006C6F2 /* Storyboards */ = {
			isa = PBXGroup;
			children = (
				1B0535371CFE86460006C6F2 /* Camera.storyboard */,
				1B0535391CFE86460006C6F2 /* Feed.storyboard */,
				1B05353B1CFE86460006C6F2 /* Main.storyboard */,
				1B05353D1CFE86460006C6F2 /* Profile.storyboard */,
				1B05353F1CFE86460006C6F2 /* Camera.strings */,
				1B0535411CFE86460006C6F2 /* Feed.strings */,
				1B0535431CFE86460006C6F2 /* Main.strings */,
				1B0535451CFE86460006C6F2 /* Profile.strings */,
			);
			path = Storyboards;
			sourceTree = "<group>";
		};
		1B3BA0741C0F5FBD0064C850 /* Models */ = {
			isa = PBXGroup;
			children = (
				1B40BF831CE3989C0097F435 /* User.swift */,
				1B3BA0751C0F5FBD0064C850 /* .gitkeep */,
				1B4305981CD3EA4400474AB5 /* Image.swift */,
				1B40BF7B1CDA79080097F435 /* CurrentUser.swift */,
				2EFFCE091CF4F74E00820BCE /* BluemixConfiguration.swift */,
			);
			path = Models;
			sourceTree = "<group>";
		};
		347472811BFA8C6A0018B7F6 = {
			isa = PBXGroup;
			children = (
				3474728C1BFA8C6A0018B7F6 /* BluePic */,
				347472A11BFA8C6A0018B7F6 /* BluePicTests */,
				3474728B1BFA8C6A0018B7F6 /* Products */,
				C93A0D59BDE755BE5A1209FC /* Frameworks */,
				0394F58FD5877398D21B1A47 /* Pods */,
			);
			sourceTree = "<group>";
		};
		3474728B1BFA8C6A0018B7F6 /* Products */ = {
			isa = PBXGroup;
			children = (
				3474728A1BFA8C6A0018B7F6 /* BluePic.app */,
				3474729E1BFA8C6A0018B7F6 /* BluePicTests.xctest */,
			);
			name = Products;
			sourceTree = "<group>";
		};
		3474728C1BFA8C6A0018B7F6 /* BluePic */ = {
			isa = PBXGroup;
			children = (
				1B0535361CFE86460006C6F2 /* Storyboards */,
				347E276C1C1F9CD10089EC3D /* BluePic.entitlements */,
				1B3BA0741C0F5FBD0064C850 /* Models */,
				3474728D1BFA8C6A0018B7F6 /* AppDelegate.swift */,
				347472941BFA8C6A0018B7F6 /* Assets.xcassets */,
				347472961BFA8C6A0018B7F6 /* LaunchScreen.storyboard */,
				347472BB1BFA8DEF0018B7F6 /* Configuration */,
				34C809521BFD0CBC00C48004 /* ViewModels */,
				347472BD1BFA8DEF0018B7F6 /* Controllers */,
				34F6972B1BFB8E6C00A2D2EC /* SupportingFiles */,
				347472BF1BFA8DEF0018B7F6 /* Extensions */,
				34C809511BFD0CBC00C48004 /* DataManagers */,
				34C809531BFD0CBC00C48004 /* Views */,
				347472D51BFA8DEF0018B7F6 /* Utilities */,
				347AD2131C18E2A700C3B473 /* ExternalLibraries */,
			);
			path = BluePic;
			sourceTree = "<group>";
		};
		347472A11BFA8C6A0018B7F6 /* BluePicTests */ = {
			isa = PBXGroup;
			children = (
				347472A21BFA8C6A0018B7F6 /* BluePicTests.swift */,
				347472A41BFA8C6A0018B7F6 /* Info.plist */,
			);
			path = BluePicTests;
			sourceTree = "<group>";
		};
		347472BB1BFA8DEF0018B7F6 /* Configuration */ = {
			isa = PBXGroup;
			children = (
				34C8094C1BFCEA0400C48004 /* bluemix.plist */,
				34C8094A1BFCD9A300C48004 /* Info.plist */,
			);
			path = Configuration;
			sourceTree = "<group>";
		};
		347472BD1BFA8DEF0018B7F6 /* Controllers */ = {
			isa = PBXGroup;
			children = (
				3435C7CE1C036A60004923BD /* TabBarViewController.swift */,
				347472F01BFA8E320018B7F6 /* LoginViewController.swift */,
				3435C7D41C04110C004923BD /* FeedViewController.swift */,
				3435C7D61C041116004923BD /* CameraViewController.swift */,
				3435C7D81C04111F004923BD /* ProfileViewController.swift */,
				2E71D6161CE1197800EEBD2B /* SearchViewController.swift */,
				1B40BF811CE37AE30097F435 /* ImageDetailViewController.swift */,
				1BF00D091CEACF68009472B5 /* ProfileNavigationController.swift */,
				1BF00D0B1CEAD27E009472B5 /* FeedNavigationController.swift */,
			);
			path = Controllers;
			sourceTree = "<group>";
		};
		347472BF1BFA8DEF0018B7F6 /* Extensions */ = {
			isa = PBXGroup;
			children = (
				347472C51BFA8DEF0018B7F6 /* NSDateExtension.swift */,
				347472CB1BFA8DEF0018B7F6 /* UIImageExtension.swift */,
				347472CE1BFA8DEF0018B7F6 /* UIViewExtensions.swift */,
				1B40BF851CE4DDB10097F435 /* NSAttributedStringExtension.swift */,
				1BF00D481CF4B60D009472B5 /* UILabelExtension.swift */,
				1B0535971D089AA80006C6F2 /* UIViewControllerExtension.swift */,
			);
			path = Extensions;
			sourceTree = "<group>";
		};
		347472D51BFA8DEF0018B7F6 /* Utilities */ = {
			isa = PBXGroup;
			children = (
				347472D71BFA8DEF0018B7F6 /* Utils.swift */,
			);
			path = Utilities;
			sourceTree = "<group>";
		};
		347AD2131C18E2A700C3B473 /* ExternalLibraries */ = {
			isa = PBXGroup;
			children = (
				2EAAC0E61CE39C13006A0B41 /* KTCenterFlowLayout.h */,
				2EAAC0E71CE39C13006A0B41 /* KTCenterFlowLayout.m */,
				1B9199221CC6EB1B005CC4AC /* FacebookAuthenticationManager.swift */,
			);
			path = ExternalLibraries;
			sourceTree = "<group>";
		};
		34C809511BFD0CBC00C48004 /* DataManagers */ = {
			isa = PBXGroup;
			children = (
				1B4357001CD15CF4008262A1 /* BluemixDataManager.swift */,
				34C809541BFD0F2400C48004 /* FacebookDataManager.swift */,
				346F947B1C0F868C004999A8 /* CameraDataManager.swift */,
				1B40BF7D1CDA83F10097F435 /* LoginDataManager.swift */,
				1B40BF7F1CE0D0140097F435 /* LocationDataManager.swift */,
			);
			path = DataManagers;
			sourceTree = "<group>";
		};
		34C809521BFD0CBC00C48004 /* ViewModels */ = {
			isa = PBXGroup;
			children = (
				1BC7AF5B1C0E39F100DDFD02 /* FeedViewModel.swift */,
				1B5555BD1C1616B000B3086E /* TabBarViewModel.swift */,
				1B057E051C17B10100AC21EE /* ProfileViewModel.swift */,
				347AD2211C18F98600C3B473 /* LoginViewModel.swift */,
				1BF00D111CEF7939009472B5 /* ImageDetailViewModel.swift */,
			);
			path = ViewModels;
			sourceTree = "<group>";
		};
		34C809531BFD0CBC00C48004 /* Views */ = {
			isa = PBXGroup;
			children = (
				346F94811C0F9225004999A8 /* CameraConfirmationView.swift */,
				1BF00D821CF4D58A009472B5 /* CameraConfirmationView.xib */,
				2EEE1C0C1DB8136D00608359 /* EmptyFeedFooterView.swift */,
				2EEE1C0E1DB8159300608359 /* EmptyFeedFooterView.xib */,
				2E1D65FE1DB6AC760004E2C9 /* ImageFeedTableViewCell.swift */,
				2E1D65FF1DB6AC760004E2C9 /* ImageFeedTableViewCell.xib */,
				1BF00D0D1CEF5F52009472B5 /* ImageInfoHeaderCollectionReusableView.swift */,
				1BF00D531CF4BEEA009472B5 /* ImageInfoHeaderCollectionReusableView.xib */,
				2E3B03A41DB7F5890073266C /* ImagesCurrentlyUploadingImageFeedTableViewCell.swift */,
				2E3B03A51DB7F5890073266C /* ImagesCurrentlyUploadingImageFeedTableViewCell.xib */,
				2EEE1C101DB91CF500608359 /* ProfileHeaderView.swift */,
				2EEE1C121DB91D3700608359 /* ProfileHeaderView.xib */,
				2E352E8E1DB9596600F2F4EE /* ProfileTableViewCell.xib */,
				2E7C95601CE13DCE0044F6ED /* TagCollectionViewCell.swift */,
				2E7C95611CE13DCE0044F6ED /* TagCollectionViewCell.xib */,
			);
			path = Views;
			sourceTree = "<group>";
		};
		34F6972B1BFB8E6C00A2D2EC /* SupportingFiles */ = {
			isa = PBXGroup;
			children = (
				1B1D838A1D0B53BC00638797 /* Localizable.strings */,
				BDC4B5F21BFBC77200CC1648 /* BluePic-Bridging-Header.h */,
				2E72BC461CFF5D940085239B /* Server.strings */,
			);
			path = SupportingFiles;
			sourceTree = "<group>";
		};
		C93A0D59BDE755BE5A1209FC /* Frameworks */ = {
			isa = PBXGroup;
			children = (
				2E8DFED41D21925B00438540 /* SVProgressHUD.framework */,
				346F94831C10AA32004999A8 /* ImageIO.framework */,
				050F2EB1BFCD092AE3169DF7 /* Pods_BluePic.framework */,
			);
			name = Frameworks;
			sourceTree = "<group>";
		};
/* End PBXGroup section */

/* Begin PBXNativeTarget section */
		347472891BFA8C6A0018B7F6 /* BluePic */ = {
			isa = PBXNativeTarget;
			buildConfigurationList = 347472B21BFA8C6A0018B7F6 /* Build configuration list for PBXNativeTarget "BluePic" */;
			buildPhases = (
				1299C82893C35B671193DBF4 /* [CP] Check Pods Manifest.lock */,
				347472861BFA8C6A0018B7F6 /* Sources */,
				347472881BFA8C6A0018B7F6 /* Resources */,
				347472871BFA8C6A0018B7F6 /* Frameworks */,
				347AD2201C18E2DC00C3B473 /* Embed Frameworks */,
				2E4D19AE1CF791E700D14D9A /* Swift Lint */,
				13C15CA20DC2EF6687E144C0 /* [CP] Embed Pods Frameworks */,
				60CB8EDDE5ECF4068142B45E /* [CP] Copy Pods Resources */,
			);
			buildRules = (
			);
			dependencies = (
			);
			name = BluePic;
			productName = BluePic;
			productReference = 3474728A1BFA8C6A0018B7F6 /* BluePic.app */;
			productType = "com.apple.product-type.application";
		};
		3474729D1BFA8C6A0018B7F6 /* BluePicTests */ = {
			isa = PBXNativeTarget;
			buildConfigurationList = 347472B51BFA8C6A0018B7F6 /* Build configuration list for PBXNativeTarget "BluePicTests" */;
			buildPhases = (
				3474729A1BFA8C6A0018B7F6 /* Sources */,
				3474729B1BFA8C6A0018B7F6 /* Frameworks */,
				3474729C1BFA8C6A0018B7F6 /* Resources */,
			);
			buildRules = (
			);
			dependencies = (
				347472A01BFA8C6A0018B7F6 /* PBXTargetDependency */,
			);
			name = BluePicTests;
			productName = BluePicTests;
			productReference = 3474729E1BFA8C6A0018B7F6 /* BluePicTests.xctest */;
			productType = "com.apple.product-type.bundle.unit-test";
		};
/* End PBXNativeTarget section */

/* Begin PBXProject section */
		347472821BFA8C6A0018B7F6 /* Project object */ = {
			isa = PBXProject;
			attributes = {
				LastSwiftUpdateCheck = 0710;
				LastUpgradeCheck = 0810;
				ORGANIZATIONNAME = MIL;
				TargetAttributes = {
					347472891BFA8C6A0018B7F6 = {
						CreatedOnToolsVersion = 7.1.1;
						DevelopmentTeam = PP64RT7P8Z;
						LastSwiftMigration = 0800;
						ProvisioningStyle = Manual;
						SystemCapabilities = {
							com.apple.BackgroundModes = {
								enabled = 1;
							};
							com.apple.Keychain = {
								enabled = 1;
							};
							com.apple.Push = {
								enabled = 0;
							};
						};
					};
					3474729D1BFA8C6A0018B7F6 = {
						CreatedOnToolsVersion = 7.1.1;
						LastSwiftMigration = 0800;
						TestTargetID = 347472891BFA8C6A0018B7F6;
					};
				};
			};
			buildConfigurationList = 347472851BFA8C6A0018B7F6 /* Build configuration list for PBXProject "BluePic" */;
			compatibilityVersion = "Xcode 3.2";
			developmentRegion = English;
			hasScannedForEncodings = 0;
			knownRegions = (
				en,
				Base,
			);
			mainGroup = 347472811BFA8C6A0018B7F6;
			productRefGroup = 3474728B1BFA8C6A0018B7F6 /* Products */;
			projectDirPath = "";
			projectRoot = "";
			targets = (
				347472891BFA8C6A0018B7F6 /* BluePic */,
				3474729D1BFA8C6A0018B7F6 /* BluePicTests */,
			);
		};
/* End PBXProject section */

/* Begin PBXResourcesBuildPhase section */
		347472881BFA8C6A0018B7F6 /* Resources */ = {
			isa = PBXResourcesBuildPhase;
			buildActionMask = 2147483647;
			files = (
				1B0535471CFE86460006C6F2 /* Camera.storyboard in Resources */,
				1BF00D511CF4BEEA009472B5 /* ImageInfoHeaderCollectionReusableView.xib in Resources */,
				1B0535481CFE86460006C6F2 /* Feed.storyboard in Resources */,
				2E1D66011DB6AC760004E2C9 /* ImageFeedTableViewCell.xib in Resources */,
				34C8094D1BFCEA0400C48004 /* bluemix.plist in Resources */,
				2EEE1C0F1DB8159300608359 /* EmptyFeedFooterView.xib in Resources */,
				1B05354D1CFE86460006C6F2 /* Main.strings in Resources */,
				1B05354C1CFE86460006C6F2 /* Feed.strings in Resources */,
				2E72BC441CFF5D940085239B /* Server.strings in Resources */,
				1B05354B1CFE86460006C6F2 /* Camera.strings in Resources */,
				2E352E8F1DB9596600F2F4EE /* ProfileTableViewCell.xib in Resources */,
				1B05354E1CFE86460006C6F2 /* Profile.strings in Resources */,
				1B1D83881D0B53BC00638797 /* Localizable.strings in Resources */,
				1B3BA0761C0F5FBD0064C850 /* .gitkeep in Resources */,
				347472981BFA8C6A0018B7F6 /* LaunchScreen.storyboard in Resources */,
				1B0535491CFE86460006C6F2 /* Main.storyboard in Resources */,
				2EEE1C131DB91D3700608359 /* ProfileHeaderView.xib in Resources */,
				1BF00D841CF4D58A009472B5 /* CameraConfirmationView.xib in Resources */,
				1B05354A1CFE86460006C6F2 /* Profile.storyboard in Resources */,
				2E7C95631CE13DCE0044F6ED /* TagCollectionViewCell.xib in Resources */,
				347472951BFA8C6A0018B7F6 /* Assets.xcassets in Resources */,
				2E3B03A71DB7F5890073266C /* ImagesCurrentlyUploadingImageFeedTableViewCell.xib in Resources */,
			);
			runOnlyForDeploymentPostprocessing = 0;
		};
		3474729C1BFA8C6A0018B7F6 /* Resources */ = {
			isa = PBXResourcesBuildPhase;
			buildActionMask = 2147483647;
			files = (
			);
			runOnlyForDeploymentPostprocessing = 0;
		};
/* End PBXResourcesBuildPhase section */

/* Begin PBXShellScriptBuildPhase section */
		1299C82893C35B671193DBF4 /* [CP] Check Pods Manifest.lock */ = {
			isa = PBXShellScriptBuildPhase;
			buildActionMask = 2147483647;
			files = (
			);
			inputPaths = (
			);
			name = "[CP] Check Pods Manifest.lock";
			outputPaths = (
			);
			runOnlyForDeploymentPostprocessing = 0;
			shellPath = /bin/sh;
			shellScript = "diff \"${PODS_ROOT}/../Podfile.lock\" \"${PODS_ROOT}/Manifest.lock\" > /dev/null\nif [ $? != 0 ] ; then\n    # print error to STDERR\n    echo \"error: The sandbox is not in sync with the Podfile.lock. Run 'pod install' or update your CocoaPods installation.\" >&2\n    exit 1\nfi\n";
			showEnvVarsInLog = 0;
		};
		13C15CA20DC2EF6687E144C0 /* [CP] Embed Pods Frameworks */ = {
			isa = PBXShellScriptBuildPhase;
			buildActionMask = 2147483647;
			files = (
			);
			inputPaths = (
			);
			name = "[CP] Embed Pods Frameworks";
			outputPaths = (
			);
			runOnlyForDeploymentPostprocessing = 0;
			shellPath = /bin/sh;
			shellScript = "\"${SRCROOT}/Pods/Target Support Files/Pods-BluePic/Pods-BluePic-frameworks.sh\"\n";
			showEnvVarsInLog = 0;
		};
		2E4D19AE1CF791E700D14D9A /* Swift Lint */ = {
			isa = PBXShellScriptBuildPhase;
			buildActionMask = 2147483647;
			files = (
			);
			inputPaths = (
			);
			name = "Swift Lint";
			outputPaths = (
			);
			runOnlyForDeploymentPostprocessing = 0;
			shellPath = /bin/sh;
			shellScript = "if which swiftlint >/dev/null; then\n    swiftlint\nelse\n    echo \"warning: SwiftLint not installed, download from https://github.com/realm/SwiftLint\"\nfi";
		};
		60CB8EDDE5ECF4068142B45E /* [CP] Copy Pods Resources */ = {
			isa = PBXShellScriptBuildPhase;
			buildActionMask = 2147483647;
			files = (
			);
			inputPaths = (
			);
			name = "[CP] Copy Pods Resources";
			outputPaths = (
			);
			runOnlyForDeploymentPostprocessing = 0;
			shellPath = /bin/sh;
			shellScript = "\"${SRCROOT}/Pods/Target Support Files/Pods-BluePic/Pods-BluePic-resources.sh\"\n";
			showEnvVarsInLog = 0;
		};
/* End PBXShellScriptBuildPhase section */

/* Begin PBXSourcesBuildPhase section */
		347472861BFA8C6A0018B7F6 /* Sources */ = {
			isa = PBXSourcesBuildPhase;
			buildActionMask = 2147483647;
			files = (
				346F94821C0F9225004999A8 /* CameraConfirmationView.swift in Sources */,
				3435C7CF1C036A60004923BD /* TabBarViewController.swift in Sources */,
				1B40BF861CE4DDB10097F435 /* NSAttributedStringExtension.swift in Sources */,
				1B0535981D089AA80006C6F2 /* UIViewControllerExtension.swift in Sources */,
				2EEE1C0D1DB8136D00608359 /* EmptyFeedFooterView.swift in Sources */,
				1B40BF801CE0D0140097F435 /* LocationDataManager.swift in Sources */,
				2EAAC0E81CE39C13006A0B41 /* KTCenterFlowLayout.m in Sources */,
				1BF00D0A1CEACF68009472B5 /* ProfileNavigationController.swift in Sources */,
				1B40BF841CE3989C0097F435 /* User.swift in Sources */,
				347472EF1BFA8DEF0018B7F6 /* Utils.swift in Sources */,
				346F947C1C0F868C004999A8 /* CameraDataManager.swift in Sources */,
				1BF00D121CEF7939009472B5 /* ImageDetailViewModel.swift in Sources */,
				1BF00D0C1CEAD27E009472B5 /* FeedNavigationController.swift in Sources */,
				347472E71BFA8DEF0018B7F6 /* UIImageExtension.swift in Sources */,
				1B9199231CC6EB1B005CC4AC /* FacebookAuthenticationManager.swift in Sources */,
				1B40BF7E1CDA83F10097F435 /* LoginDataManager.swift in Sources */,
				3435C7D91C04111F004923BD /* ProfileViewController.swift in Sources */,
				347472E11BFA8DEF0018B7F6 /* NSDateExtension.swift in Sources */,
				1BC7AF5C1C0E39F100DDFD02 /* FeedViewModel.swift in Sources */,
				1B40BF821CE37AE30097F435 /* ImageDetailViewController.swift in Sources */,
				1B4357011CD15CF4008262A1 /* BluemixDataManager.swift in Sources */,
				3435C7D71C041116004923BD /* CameraViewController.swift in Sources */,
				1BF00D0E1CEF5F52009472B5 /* ImageInfoHeaderCollectionReusableView.swift in Sources */,
				347472EA1BFA8DEF0018B7F6 /* UIViewExtensions.swift in Sources */,
				1BF00D491CF4B60D009472B5 /* UILabelExtension.swift in Sources */,
				2E3B03A61DB7F5890073266C /* ImagesCurrentlyUploadingImageFeedTableViewCell.swift in Sources */,
				347472F11BFA8E320018B7F6 /* LoginViewController.swift in Sources */,
				3474728E1BFA8C6A0018B7F6 /* AppDelegate.swift in Sources */,
				3435C7D51C04110C004923BD /* FeedViewController.swift in Sources */,
				1B5555BE1C1616B000B3086E /* TabBarViewModel.swift in Sources */,
				2E1D66001DB6AC760004E2C9 /* ImageFeedTableViewCell.swift in Sources */,
				1B40BF7C1CDA79080097F435 /* CurrentUser.swift in Sources */,
				2EEE1C111DB91CF500608359 /* ProfileHeaderView.swift in Sources */,
				2EFFCE0A1CF4F74E00820BCE /* BluemixConfiguration.swift in Sources */,
				34C809551BFD0F2400C48004 /* FacebookDataManager.swift in Sources */,
				347AD2221C18F98600C3B473 /* LoginViewModel.swift in Sources */,
				1B4305991CD3EA4400474AB5 /* Image.swift in Sources */,
				2E7C95621CE13DCE0044F6ED /* TagCollectionViewCell.swift in Sources */,
				1B057E061C17B10100AC21EE /* ProfileViewModel.swift in Sources */,
				2E71D6171CE1197800EEBD2B /* SearchViewController.swift in Sources */,
			);
			runOnlyForDeploymentPostprocessing = 0;
		};
		3474729A1BFA8C6A0018B7F6 /* Sources */ = {
			isa = PBXSourcesBuildPhase;
			buildActionMask = 2147483647;
			files = (
				347472A31BFA8C6A0018B7F6 /* BluePicTests.swift in Sources */,
			);
			runOnlyForDeploymentPostprocessing = 0;
		};
/* End PBXSourcesBuildPhase section */

/* Begin PBXTargetDependency section */
		347472A01BFA8C6A0018B7F6 /* PBXTargetDependency */ = {
			isa = PBXTargetDependency;
			target = 347472891BFA8C6A0018B7F6 /* BluePic */;
			targetProxy = 3474729F1BFA8C6A0018B7F6 /* PBXContainerItemProxy */;
		};
/* End PBXTargetDependency section */

/* Begin PBXVariantGroup section */
		1B0535371CFE86460006C6F2 /* Camera.storyboard */ = {
			isa = PBXVariantGroup;
			children = (
				1B0535381CFE86460006C6F2 /* Base */,
			);
			name = Camera.storyboard;
			sourceTree = "<group>";
		};
		1B0535391CFE86460006C6F2 /* Feed.storyboard */ = {
			isa = PBXVariantGroup;
			children = (
				1B05353A1CFE86460006C6F2 /* Base */,
			);
			name = Feed.storyboard;
			sourceTree = "<group>";
		};
		1B05353B1CFE86460006C6F2 /* Main.storyboard */ = {
			isa = PBXVariantGroup;
			children = (
				1B05353C1CFE86460006C6F2 /* Base */,
			);
			name = Main.storyboard;
			sourceTree = "<group>";
		};
		1B05353D1CFE86460006C6F2 /* Profile.storyboard */ = {
			isa = PBXVariantGroup;
			children = (
				1B05353E1CFE86460006C6F2 /* Base */,
			);
			name = Profile.storyboard;
			sourceTree = "<group>";
		};
		1B05353F1CFE86460006C6F2 /* Camera.strings */ = {
			isa = PBXVariantGroup;
			children = (
				1B0535401CFE86460006C6F2 /* en */,
			);
			name = Camera.strings;
			sourceTree = "<group>";
		};
		1B0535411CFE86460006C6F2 /* Feed.strings */ = {
			isa = PBXVariantGroup;
			children = (
				1B0535421CFE86460006C6F2 /* en */,
			);
			name = Feed.strings;
			sourceTree = "<group>";
		};
		1B0535431CFE86460006C6F2 /* Main.strings */ = {
			isa = PBXVariantGroup;
			children = (
				1B0535441CFE86460006C6F2 /* en */,
			);
			name = Main.strings;
			sourceTree = "<group>";
		};
		1B0535451CFE86460006C6F2 /* Profile.strings */ = {
			isa = PBXVariantGroup;
			children = (
				1B0535461CFE86460006C6F2 /* en */,
			);
			name = Profile.strings;
			sourceTree = "<group>";
		};
		1B1D838A1D0B53BC00638797 /* Localizable.strings */ = {
			isa = PBXVariantGroup;
			children = (
				1B1D83891D0B53BC00638797 /* Base */,
				1B1D838B1D0B53BD00638797 /* en */,
			);
			name = Localizable.strings;
			sourceTree = "<group>";
		};
		1BF00D531CF4BEEA009472B5 /* ImageInfoHeaderCollectionReusableView.xib */ = {
			isa = PBXVariantGroup;
			children = (
				1BF00D521CF4BEEA009472B5 /* Base */,
				1BF00D551CF4BEEC009472B5 /* en */,
			);
			name = ImageInfoHeaderCollectionReusableView.xib;
			sourceTree = "<group>";
		};
		1BF00D821CF4D58A009472B5 /* CameraConfirmationView.xib */ = {
			isa = PBXVariantGroup;
			children = (
				1BF00D831CF4D58A009472B5 /* Base */,
				1BF00D861CF4D592009472B5 /* en */,
			);
			name = CameraConfirmationView.xib;
			sourceTree = "<group>";
		};
		2E72BC461CFF5D940085239B /* Server.strings */ = {
			isa = PBXVariantGroup;
			children = (
				2E72BC451CFF5D940085239B /* Base */,
				2E72BC471CFF5DA10085239B /* en */,
			);
			name = Server.strings;
			sourceTree = "<group>";
		};
		347472961BFA8C6A0018B7F6 /* LaunchScreen.storyboard */ = {
			isa = PBXVariantGroup;
			children = (
				347472971BFA8C6A0018B7F6 /* Base */,
			);
			name = LaunchScreen.storyboard;
			sourceTree = "<group>";
		};
/* End PBXVariantGroup section */

/* Begin XCBuildConfiguration section */
		347472B01BFA8C6A0018B7F6 /* Debug */ = {
			isa = XCBuildConfiguration;
			buildSettings = {
				ALWAYS_SEARCH_USER_PATHS = NO;
				CLANG_CXX_LANGUAGE_STANDARD = "gnu++0x";
				CLANG_CXX_LIBRARY = "libc++";
				CLANG_ENABLE_MODULES = YES;
				CLANG_ENABLE_OBJC_ARC = YES;
				CLANG_WARN_BOOL_CONVERSION = YES;
				CLANG_WARN_CONSTANT_CONVERSION = YES;
				CLANG_WARN_DIRECT_OBJC_ISA_USAGE = YES_ERROR;
				CLANG_WARN_EMPTY_BODY = YES;
				CLANG_WARN_ENUM_CONVERSION = YES;
				CLANG_WARN_INFINITE_RECURSION = YES;
				CLANG_WARN_INT_CONVERSION = YES;
				CLANG_WARN_OBJC_ROOT_CLASS = YES_ERROR;
				CLANG_WARN_SUSPICIOUS_MOVE = YES;
				CLANG_WARN_UNREACHABLE_CODE = YES;
				CLANG_WARN__DUPLICATE_METHOD_MATCH = YES;
				"CODE_SIGN_IDENTITY[sdk=iphoneos*]" = "iPhone Developer";
				COPY_PHASE_STRIP = NO;
				DEBUG_INFORMATION_FORMAT = dwarf;
				ENABLE_STRICT_OBJC_MSGSEND = YES;
				ENABLE_TESTABILITY = YES;
				GCC_C_LANGUAGE_STANDARD = gnu99;
				GCC_DYNAMIC_NO_PIC = NO;
				GCC_NO_COMMON_BLOCKS = YES;
				GCC_OPTIMIZATION_LEVEL = 0;
				GCC_PREPROCESSOR_DEFINITIONS = (
					"DEBUG=1",
					"$(inherited)",
				);
				GCC_WARN_64_TO_32_BIT_CONVERSION = YES;
				GCC_WARN_ABOUT_RETURN_TYPE = YES_ERROR;
				GCC_WARN_UNDECLARED_SELECTOR = YES;
				GCC_WARN_UNINITIALIZED_AUTOS = YES_AGGRESSIVE;
				GCC_WARN_UNUSED_FUNCTION = YES;
				GCC_WARN_UNUSED_VARIABLE = YES;
				IPHONEOS_DEPLOYMENT_TARGET = 9.0;
				MTL_ENABLE_DEBUG_INFO = YES;
				ONLY_ACTIVE_ARCH = YES;
				SDKROOT = iphoneos;
				SWIFT_OPTIMIZATION_LEVEL = "-Onone";
				SWIFT_VERSION = "";
				TARGETED_DEVICE_FAMILY = "1,2";
				USER_HEADER_SEARCH_PATHS = "";
			};
			name = Debug;
		};
		347472B11BFA8C6A0018B7F6 /* Release */ = {
			isa = XCBuildConfiguration;
			buildSettings = {
				ALWAYS_SEARCH_USER_PATHS = NO;
				CLANG_CXX_LANGUAGE_STANDARD = "gnu++0x";
				CLANG_CXX_LIBRARY = "libc++";
				CLANG_ENABLE_MODULES = YES;
				CLANG_ENABLE_OBJC_ARC = YES;
				CLANG_WARN_BOOL_CONVERSION = YES;
				CLANG_WARN_CONSTANT_CONVERSION = YES;
				CLANG_WARN_DIRECT_OBJC_ISA_USAGE = YES_ERROR;
				CLANG_WARN_EMPTY_BODY = YES;
				CLANG_WARN_ENUM_CONVERSION = YES;
				CLANG_WARN_INFINITE_RECURSION = YES;
				CLANG_WARN_INT_CONVERSION = YES;
				CLANG_WARN_OBJC_ROOT_CLASS = YES_ERROR;
				CLANG_WARN_SUSPICIOUS_MOVE = YES;
				CLANG_WARN_UNREACHABLE_CODE = YES;
				CLANG_WARN__DUPLICATE_METHOD_MATCH = YES;
				"CODE_SIGN_IDENTITY[sdk=iphoneos*]" = "iPhone Developer";
				COPY_PHASE_STRIP = NO;
				DEBUG_INFORMATION_FORMAT = "dwarf-with-dsym";
				ENABLE_NS_ASSERTIONS = NO;
				ENABLE_STRICT_OBJC_MSGSEND = YES;
				GCC_C_LANGUAGE_STANDARD = gnu99;
				GCC_NO_COMMON_BLOCKS = YES;
				GCC_WARN_64_TO_32_BIT_CONVERSION = YES;
				GCC_WARN_ABOUT_RETURN_TYPE = YES_ERROR;
				GCC_WARN_UNDECLARED_SELECTOR = YES;
				GCC_WARN_UNINITIALIZED_AUTOS = YES_AGGRESSIVE;
				GCC_WARN_UNUSED_FUNCTION = YES;
				GCC_WARN_UNUSED_VARIABLE = YES;
				IPHONEOS_DEPLOYMENT_TARGET = 9.0;
				MTL_ENABLE_DEBUG_INFO = NO;
				SDKROOT = iphoneos;
				SWIFT_OPTIMIZATION_LEVEL = "-Owholemodule";
				SWIFT_VERSION = "";
				TARGETED_DEVICE_FAMILY = "1,2";
				USER_HEADER_SEARCH_PATHS = "";
				VALIDATE_PRODUCT = YES;
			};
			name = Release;
		};
		347472B31BFA8C6A0018B7F6 /* Debug */ = {
			isa = XCBuildConfiguration;
			baseConfigurationReference = 6B961243483EA182951704B4 /* Pods-BluePic.debug.xcconfig */;
			buildSettings = {
				ALWAYS_EMBED_SWIFT_STANDARD_LIBRARIES = YES;
				ASSETCATALOG_COMPILER_APPICON_NAME = AppIcon;
				CLANG_ENABLE_MODULES = YES;
				CODE_SIGN_ENTITLEMENTS = BluePic/BluePic.entitlements;
				CODE_SIGN_IDENTITY = "iPhone Developer";
				"CODE_SIGN_IDENTITY[sdk=iphoneos*]" = "iPhone Developer";
				DEVELOPMENT_TEAM = PP64RT7P8Z;
				FRAMEWORK_SEARCH_PATHS = (
					"$(inherited)",
					"$(PROJECT_DIR)",
					"$(PROJECT_DIR)/BluePic/ExternalLibraries",
				);
				INFOPLIST_FILE = "$(SRCROOT)/BluePic/Configuration/Info.plist";
				IPHONEOS_DEPLOYMENT_TARGET = 9.0;
				LD_RUNPATH_SEARCH_PATHS = "$(inherited) @executable_path/Frameworks";
				PRODUCT_BUNDLE_IDENTIFIER = com.ibm.test1;
				PRODUCT_NAME = "$(TARGET_NAME)";
				PROVISIONING_PROFILE = "11518d98-27f4-4d82-8a06-9aa90bb1badb";
				PROVISIONING_PROFILE_SPECIFIER = "@IBM MobileFirst Wildcard App ID Dev Profile";
				SWIFT_OBJC_BRIDGING_HEADER = "BluePic/SupportingFiles/BluePic-Bridging-Header.h";
				SWIFT_OPTIMIZATION_LEVEL = "-Onone";
				SWIFT_VERSION = 3.0;
				TARGETED_DEVICE_FAMILY = 1;
			};
			name = Debug;
		};
		347472B41BFA8C6A0018B7F6 /* Release */ = {
			isa = XCBuildConfiguration;
			baseConfigurationReference = D4256EC7B8C927E2AAE77625 /* Pods-BluePic.release.xcconfig */;
			buildSettings = {
				ALWAYS_EMBED_SWIFT_STANDARD_LIBRARIES = YES;
				ASSETCATALOG_COMPILER_APPICON_NAME = AppIcon;
				CLANG_ENABLE_MODULES = YES;
				CODE_SIGN_ENTITLEMENTS = BluePic/BluePic.entitlements;
				CODE_SIGN_IDENTITY = "iPhone Developer";
				"CODE_SIGN_IDENTITY[sdk=iphoneos*]" = "iPhone Developer";
				DEVELOPMENT_TEAM = "";
				FRAMEWORK_SEARCH_PATHS = (
					"$(inherited)",
					"$(PROJECT_DIR)",
					"$(PROJECT_DIR)/BluePic/ExternalLibraries",
				);
				INFOPLIST_FILE = "$(SRCROOT)/BluePic/Configuration/Info.plist";
				IPHONEOS_DEPLOYMENT_TARGET = 9.0;
				LD_RUNPATH_SEARCH_PATHS = "$(inherited) @executable_path/Frameworks";
				PRODUCT_BUNDLE_IDENTIFIER = com.ibm.test1;
				PRODUCT_NAME = "$(TARGET_NAME)";
				PROVISIONING_PROFILE = "";
				PROVISIONING_PROFILE_SPECIFIER = "";
				SWIFT_OBJC_BRIDGING_HEADER = "BluePic/SupportingFiles/BluePic-Bridging-Header.h";
				SWIFT_VERSION = 3.0;
				TARGETED_DEVICE_FAMILY = 1;
			};
			name = Release;
		};
		347472B61BFA8C6A0018B7F6 /* Debug */ = {
			isa = XCBuildConfiguration;
			buildSettings = {
				BUNDLE_LOADER = "$(TEST_HOST)";
				INFOPLIST_FILE = BluePicTests/Info.plist;
				LD_RUNPATH_SEARCH_PATHS = "$(inherited) @executable_path/Frameworks @loader_path/Frameworks";
				PRODUCT_BUNDLE_IDENTIFIER = com.bundle.id.BluePicTests;
				PRODUCT_NAME = "$(TARGET_NAME)";
				SWIFT_VERSION = 3.0;
				TEST_HOST = "$(BUILT_PRODUCTS_DIR)/BluePic.app/BluePic";
			};
			name = Debug;
		};
		347472B71BFA8C6A0018B7F6 /* Release */ = {
			isa = XCBuildConfiguration;
			buildSettings = {
				BUNDLE_LOADER = "$(TEST_HOST)";
				INFOPLIST_FILE = BluePicTests/Info.plist;
				LD_RUNPATH_SEARCH_PATHS = "$(inherited) @executable_path/Frameworks @loader_path/Frameworks";
				PRODUCT_BUNDLE_IDENTIFIER = com.bundle.id.ibm.BluePicTests;
				PRODUCT_NAME = "$(TARGET_NAME)";
				SWIFT_VERSION = 3.0;
				TEST_HOST = "$(BUILT_PRODUCTS_DIR)/BluePic.app/BluePic";
			};
			name = Release;
		};
/* End XCBuildConfiguration section */

/* Begin XCConfigurationList section */
		347472851BFA8C6A0018B7F6 /* Build configuration list for PBXProject "BluePic" */ = {
			isa = XCConfigurationList;
			buildConfigurations = (
				347472B01BFA8C6A0018B7F6 /* Debug */,
				347472B11BFA8C6A0018B7F6 /* Release */,
			);
			defaultConfigurationIsVisible = 0;
			defaultConfigurationName = Release;
		};
		347472B21BFA8C6A0018B7F6 /* Build configuration list for PBXNativeTarget "BluePic" */ = {
			isa = XCConfigurationList;
			buildConfigurations = (
				347472B31BFA8C6A0018B7F6 /* Debug */,
				347472B41BFA8C6A0018B7F6 /* Release */,
			);
			defaultConfigurationIsVisible = 0;
			defaultConfigurationName = Release;
		};
		347472B51BFA8C6A0018B7F6 /* Build configuration list for PBXNativeTarget "BluePicTests" */ = {
			isa = XCConfigurationList;
			buildConfigurations = (
				347472B61BFA8C6A0018B7F6 /* Debug */,
				347472B71BFA8C6A0018B7F6 /* Release */,
			);
			defaultConfigurationIsVisible = 0;
			defaultConfigurationName = Release;
		};
/* End XCConfigurationList section */
	};
	rootObject = 347472821BFA8C6A0018B7F6 /* Project object */;
}
