// !$*UTF8*$!
{
	archiveVersion = 1;
	classes = {
	};
	objectVersion = 46;
	objects = {

/* Begin PBXBuildFile section */
		3435C7551BFE9E06004923BD /* Roboto-Black.ttf in Resources */ = {isa = PBXBuildFile; fileRef = 3435C7491BFE9E06004923BD /* Roboto-Black.ttf */; };
		3435C7561BFE9E06004923BD /* Roboto-BlackItalic.ttf in Resources */ = {isa = PBXBuildFile; fileRef = 3435C74A1BFE9E06004923BD /* Roboto-BlackItalic.ttf */; };
		3435C7571BFE9E06004923BD /* Roboto-Bold.ttf in Resources */ = {isa = PBXBuildFile; fileRef = 3435C74B1BFE9E06004923BD /* Roboto-Bold.ttf */; };
		3435C7581BFE9E06004923BD /* Roboto-BoldItalic.ttf in Resources */ = {isa = PBXBuildFile; fileRef = 3435C74C1BFE9E06004923BD /* Roboto-BoldItalic.ttf */; };
		3435C7591BFE9E06004923BD /* Roboto-Italic.ttf in Resources */ = {isa = PBXBuildFile; fileRef = 3435C74D1BFE9E06004923BD /* Roboto-Italic.ttf */; };
		3435C75A1BFE9E06004923BD /* Roboto-Light.ttf in Resources */ = {isa = PBXBuildFile; fileRef = 3435C74E1BFE9E06004923BD /* Roboto-Light.ttf */; };
		3435C75B1BFE9E06004923BD /* Roboto-LightItalic.ttf in Resources */ = {isa = PBXBuildFile; fileRef = 3435C74F1BFE9E06004923BD /* Roboto-LightItalic.ttf */; };
		3435C75C1BFE9E06004923BD /* Roboto-Medium.ttf in Resources */ = {isa = PBXBuildFile; fileRef = 3435C7501BFE9E06004923BD /* Roboto-Medium.ttf */; };
		3435C75D1BFE9E06004923BD /* Roboto-MediumItalic.ttf in Resources */ = {isa = PBXBuildFile; fileRef = 3435C7511BFE9E06004923BD /* Roboto-MediumItalic.ttf */; };
		3435C75E1BFE9E06004923BD /* Roboto-Regular.ttf in Resources */ = {isa = PBXBuildFile; fileRef = 3435C7521BFE9E06004923BD /* Roboto-Regular.ttf */; };
		3435C75F1BFE9E06004923BD /* Roboto-Thin.ttf in Resources */ = {isa = PBXBuildFile; fileRef = 3435C7531BFE9E06004923BD /* Roboto-Thin.ttf */; };
		3435C7601BFE9E06004923BD /* Roboto-ThinItalic.ttf in Resources */ = {isa = PBXBuildFile; fileRef = 3435C7541BFE9E06004923BD /* Roboto-ThinItalic.ttf */; };
		3435C7C91C0368B1004923BD /* Feed.storyboard in Resources */ = {isa = PBXBuildFile; fileRef = 3435C7C81C0368B1004923BD /* Feed.storyboard */; };
		3435C7CB1C0368DA004923BD /* Camera.storyboard in Resources */ = {isa = PBXBuildFile; fileRef = 3435C7CA1C0368DA004923BD /* Camera.storyboard */; };
		3435C7CD1C03690F004923BD /* Profile.storyboard in Resources */ = {isa = PBXBuildFile; fileRef = 3435C7CC1C03690F004923BD /* Profile.storyboard */; };
		3435C7CF1C036A60004923BD /* TabBarViewController.swift in Sources */ = {isa = PBXBuildFile; fileRef = 3435C7CE1C036A60004923BD /* TabBarViewController.swift */; };
		3435C7D21C03E223004923BD /* CloudantSyncClient.swift in Sources */ = {isa = PBXBuildFile; fileRef = 3435C7D01C03E223004923BD /* CloudantSyncClient.swift */; };
		3435C7D31C03E223004923BD /* ObjectStorageClient.swift in Sources */ = {isa = PBXBuildFile; fileRef = 3435C7D11C03E223004923BD /* ObjectStorageClient.swift */; };
		3474728E1BFA8C6A0018B7F6 /* AppDelegate.swift in Sources */ = {isa = PBXBuildFile; fileRef = 3474728D1BFA8C6A0018B7F6 /* AppDelegate.swift */; };
		347472951BFA8C6A0018B7F6 /* Assets.xcassets in Resources */ = {isa = PBXBuildFile; fileRef = 347472941BFA8C6A0018B7F6 /* Assets.xcassets */; };
		347472981BFA8C6A0018B7F6 /* LaunchScreen.storyboard in Resources */ = {isa = PBXBuildFile; fileRef = 347472961BFA8C6A0018B7F6 /* LaunchScreen.storyboard */; };
		347472A31BFA8C6A0018B7F6 /* BluePicTests.swift in Sources */ = {isa = PBXBuildFile; fileRef = 347472A21BFA8C6A0018B7F6 /* BluePicTests.swift */; };
		347472AE1BFA8C6A0018B7F6 /* BluePicUITests.swift in Sources */ = {isa = PBXBuildFile; fileRef = 347472AD1BFA8C6A0018B7F6 /* BluePicUITests.swift */; };
		347472DC1BFA8DEF0018B7F6 /* CGFloatExtension.swift in Sources */ = {isa = PBXBuildFile; fileRef = 347472C01BFA8DEF0018B7F6 /* CGFloatExtension.swift */; };
		347472DD1BFA8DEF0018B7F6 /* DoubleExtension.swift in Sources */ = {isa = PBXBuildFile; fileRef = 347472C11BFA8DEF0018B7F6 /* DoubleExtension.swift */; };
		347472DE1BFA8DEF0018B7F6 /* FloatExtension.swift in Sources */ = {isa = PBXBuildFile; fileRef = 347472C21BFA8DEF0018B7F6 /* FloatExtension.swift */; };
		347472DF1BFA8DEF0018B7F6 /* IntExtension.swift in Sources */ = {isa = PBXBuildFile; fileRef = 347472C31BFA8DEF0018B7F6 /* IntExtension.swift */; };
		347472E01BFA8DEF0018B7F6 /* NSCoderExtension.swift in Sources */ = {isa = PBXBuildFile; fileRef = 347472C41BFA8DEF0018B7F6 /* NSCoderExtension.swift */; };
		347472E11BFA8DEF0018B7F6 /* NSDateExtension.swift in Sources */ = {isa = PBXBuildFile; fileRef = 347472C51BFA8DEF0018B7F6 /* NSDateExtension.swift */; };
		347472E21BFA8DEF0018B7F6 /* NSDictionaryExtension.swift in Sources */ = {isa = PBXBuildFile; fileRef = 347472C61BFA8DEF0018B7F6 /* NSDictionaryExtension.swift */; };
		347472E31BFA8DEF0018B7F6 /* StringExtension.swift in Sources */ = {isa = PBXBuildFile; fileRef = 347472C71BFA8DEF0018B7F6 /* StringExtension.swift */; };
		347472E41BFA8DEF0018B7F6 /* UIButtonExtension.swift in Sources */ = {isa = PBXBuildFile; fileRef = 347472C81BFA8DEF0018B7F6 /* UIButtonExtension.swift */; };
		347472E51BFA8DEF0018B7F6 /* UIColorExtension.swift in Sources */ = {isa = PBXBuildFile; fileRef = 347472C91BFA8DEF0018B7F6 /* UIColorExtension.swift */; };
		347472E61BFA8DEF0018B7F6 /* UIFontExtension.swift in Sources */ = {isa = PBXBuildFile; fileRef = 347472CA1BFA8DEF0018B7F6 /* UIFontExtension.swift */; };
		347472E71BFA8DEF0018B7F6 /* UIImageExtension.swift in Sources */ = {isa = PBXBuildFile; fileRef = 347472CB1BFA8DEF0018B7F6 /* UIImageExtension.swift */; };
		347472E81BFA8DEF0018B7F6 /* UIImageViewExtension.swift in Sources */ = {isa = PBXBuildFile; fileRef = 347472CC1BFA8DEF0018B7F6 /* UIImageViewExtension.swift */; };
		347472E91BFA8DEF0018B7F6 /* UILabelExtension.swift in Sources */ = {isa = PBXBuildFile; fileRef = 347472CD1BFA8DEF0018B7F6 /* UILabelExtension.swift */; };
		347472EA1BFA8DEF0018B7F6 /* UIViewExtensions.swift in Sources */ = {isa = PBXBuildFile; fileRef = 347472CE1BFA8DEF0018B7F6 /* UIViewExtensions.swift */; };
		347472ED1BFA8DEF0018B7F6 /* Main.storyboard in Resources */ = {isa = PBXBuildFile; fileRef = 347472D31BFA8DEF0018B7F6 /* Main.storyboard */; };
		347472EE1BFA8DEF0018B7F6 /* LocalizationUtils.swift in Sources */ = {isa = PBXBuildFile; fileRef = 347472D61BFA8DEF0018B7F6 /* LocalizationUtils.swift */; };
		347472EF1BFA8DEF0018B7F6 /* Utils.swift in Sources */ = {isa = PBXBuildFile; fileRef = 347472D71BFA8DEF0018B7F6 /* Utils.swift */; };
		347472F11BFA8E320018B7F6 /* LoginViewController.swift in Sources */ = {isa = PBXBuildFile; fileRef = 347472F01BFA8E320018B7F6 /* LoginViewController.swift */; };
		34C809431BFCB0FF00C48004 /* Alamofire.framework in Frameworks */ = {isa = PBXBuildFile; fileRef = 34C8093D1BFCB0C800C48004 /* Alamofire.framework */; };
		34C809441BFCB0FF00C48004 /* Alamofire.framework in Embed Frameworks */ = {isa = PBXBuildFile; fileRef = 34C8093D1BFCB0C800C48004 /* Alamofire.framework */; settings = {ATTRIBUTES = (CodeSignOnCopy, RemoveHeadersOnCopy, ); }; };
		34C809461BFCB10100C48004 /* AlamofireObjectMapper.framework in Frameworks */ = {isa = PBXBuildFile; fileRef = 34C8093E1BFCB0C800C48004 /* AlamofireObjectMapper.framework */; };
		34C809471BFCB10100C48004 /* AlamofireObjectMapper.framework in Embed Frameworks */ = {isa = PBXBuildFile; fileRef = 34C8093E1BFCB0C800C48004 /* AlamofireObjectMapper.framework */; settings = {ATTRIBUTES = (CodeSignOnCopy, RemoveHeadersOnCopy, ); }; };
		34C809481BFCB10300C48004 /* ObjectMapper.framework in Frameworks */ = {isa = PBXBuildFile; fileRef = 34C8093F1BFCB0C800C48004 /* ObjectMapper.framework */; };
		34C809491BFCB10300C48004 /* ObjectMapper.framework in Embed Frameworks */ = {isa = PBXBuildFile; fileRef = 34C8093F1BFCB0C800C48004 /* ObjectMapper.framework */; settings = {ATTRIBUTES = (CodeSignOnCopy, RemoveHeadersOnCopy, ); }; };
		34C8094B1BFCD9A300C48004 /* Info.plist in Resources */ = {isa = PBXBuildFile; fileRef = 34C8094A1BFCD9A300C48004 /* Info.plist */; };
		34C8094D1BFCEA0400C48004 /* keys.plist in Resources */ = {isa = PBXBuildFile; fileRef = 34C8094C1BFCEA0400C48004 /* keys.plist */; };
		34C809551BFD0F2400C48004 /* FacebookDataManager.swift in Sources */ = {isa = PBXBuildFile; fileRef = 34C809541BFD0F2400C48004 /* FacebookDataManager.swift */; };
		494AA0B01BFE4CBA006FC48E /* ObjectStorageClientTests.swift in Sources */ = {isa = PBXBuildFile; fileRef = 494AA0AF1BFE4CBA006FC48E /* ObjectStorageClientTests.swift */; };
		FC315DE6D7B8C71B03B95C18 /* libPods.a in Frameworks */ = {isa = PBXBuildFile; fileRef = 11F4C7A29750E1B7B37ABAFA /* libPods.a */; };
/* End PBXBuildFile section */

/* Begin PBXContainerItemProxy section */
		3474729F1BFA8C6A0018B7F6 /* PBXContainerItemProxy */ = {
			isa = PBXContainerItemProxy;
			containerPortal = 347472821BFA8C6A0018B7F6 /* Project object */;
			proxyType = 1;
			remoteGlobalIDString = 347472891BFA8C6A0018B7F6;
			remoteInfo = BluePic;
		};
		347472AA1BFA8C6A0018B7F6 /* PBXContainerItemProxy */ = {
			isa = PBXContainerItemProxy;
			containerPortal = 347472821BFA8C6A0018B7F6 /* Project object */;
			proxyType = 1;
			remoteGlobalIDString = 347472891BFA8C6A0018B7F6;
			remoteInfo = BluePic;
		};
/* End PBXContainerItemProxy section */

/* Begin PBXCopyFilesBuildPhase section */
		34C809451BFCB0FF00C48004 /* Embed Frameworks */ = {
			isa = PBXCopyFilesBuildPhase;
			buildActionMask = 2147483647;
			dstPath = "";
			dstSubfolderSpec = 10;
			files = (
				34C809491BFCB10300C48004 /* ObjectMapper.framework in Embed Frameworks */,
				34C809441BFCB0FF00C48004 /* Alamofire.framework in Embed Frameworks */,
				34C809471BFCB10100C48004 /* AlamofireObjectMapper.framework in Embed Frameworks */,
			);
			name = "Embed Frameworks";
			runOnlyForDeploymentPostprocessing = 0;
		};
/* End PBXCopyFilesBuildPhase section */

/* Begin PBXFileReference section */
		11F4C7A29750E1B7B37ABAFA /* libPods.a */ = {isa = PBXFileReference; explicitFileType = archive.ar; includeInIndex = 0; path = libPods.a; sourceTree = BUILT_PRODUCTS_DIR; };
		3435C7491BFE9E06004923BD /* Roboto-Black.ttf */ = {isa = PBXFileReference; lastKnownFileType = file; path = "Roboto-Black.ttf"; sourceTree = "<group>"; };
		3435C74A1BFE9E06004923BD /* Roboto-BlackItalic.ttf */ = {isa = PBXFileReference; lastKnownFileType = file; path = "Roboto-BlackItalic.ttf"; sourceTree = "<group>"; };
		3435C74B1BFE9E06004923BD /* Roboto-Bold.ttf */ = {isa = PBXFileReference; lastKnownFileType = file; path = "Roboto-Bold.ttf"; sourceTree = "<group>"; };
		3435C74C1BFE9E06004923BD /* Roboto-BoldItalic.ttf */ = {isa = PBXFileReference; lastKnownFileType = file; path = "Roboto-BoldItalic.ttf"; sourceTree = "<group>"; };
		3435C74D1BFE9E06004923BD /* Roboto-Italic.ttf */ = {isa = PBXFileReference; lastKnownFileType = file; path = "Roboto-Italic.ttf"; sourceTree = "<group>"; };
		3435C74E1BFE9E06004923BD /* Roboto-Light.ttf */ = {isa = PBXFileReference; lastKnownFileType = file; path = "Roboto-Light.ttf"; sourceTree = "<group>"; };
		3435C74F1BFE9E06004923BD /* Roboto-LightItalic.ttf */ = {isa = PBXFileReference; lastKnownFileType = file; path = "Roboto-LightItalic.ttf"; sourceTree = "<group>"; };
		3435C7501BFE9E06004923BD /* Roboto-Medium.ttf */ = {isa = PBXFileReference; lastKnownFileType = file; path = "Roboto-Medium.ttf"; sourceTree = "<group>"; };
		3435C7511BFE9E06004923BD /* Roboto-MediumItalic.ttf */ = {isa = PBXFileReference; lastKnownFileType = file; path = "Roboto-MediumItalic.ttf"; sourceTree = "<group>"; };
		3435C7521BFE9E06004923BD /* Roboto-Regular.ttf */ = {isa = PBXFileReference; lastKnownFileType = file; path = "Roboto-Regular.ttf"; sourceTree = "<group>"; };
		3435C7531BFE9E06004923BD /* Roboto-Thin.ttf */ = {isa = PBXFileReference; lastKnownFileType = file; path = "Roboto-Thin.ttf"; sourceTree = "<group>"; };
		3435C7541BFE9E06004923BD /* Roboto-ThinItalic.ttf */ = {isa = PBXFileReference; lastKnownFileType = file; path = "Roboto-ThinItalic.ttf"; sourceTree = "<group>"; };
		3435C7C81C0368B1004923BD /* Feed.storyboard */ = {isa = PBXFileReference; fileEncoding = 4; lastKnownFileType = file.storyboard; path = Feed.storyboard; sourceTree = "<group>"; };
		3435C7CA1C0368DA004923BD /* Camera.storyboard */ = {isa = PBXFileReference; fileEncoding = 4; lastKnownFileType = file.storyboard; path = Camera.storyboard; sourceTree = "<group>"; };
		3435C7CC1C03690F004923BD /* Profile.storyboard */ = {isa = PBXFileReference; fileEncoding = 4; lastKnownFileType = file.storyboard; path = Profile.storyboard; sourceTree = "<group>"; };
		3435C7CE1C036A60004923BD /* TabBarViewController.swift */ = {isa = PBXFileReference; fileEncoding = 4; lastKnownFileType = sourcecode.swift; path = TabBarViewController.swift; sourceTree = "<group>"; };
		3435C7D01C03E223004923BD /* CloudantSyncClient.swift */ = {isa = PBXFileReference; fileEncoding = 4; lastKnownFileType = sourcecode.swift; path = CloudantSyncClient.swift; sourceTree = "<group>"; };
		3435C7D11C03E223004923BD /* ObjectStorageClient.swift */ = {isa = PBXFileReference; fileEncoding = 4; lastKnownFileType = sourcecode.swift; path = ObjectStorageClient.swift; sourceTree = "<group>"; };
		3474728A1BFA8C6A0018B7F6 /* BluePic.app */ = {isa = PBXFileReference; explicitFileType = wrapper.application; includeInIndex = 0; path = BluePic.app; sourceTree = BUILT_PRODUCTS_DIR; };
		3474728D1BFA8C6A0018B7F6 /* AppDelegate.swift */ = {isa = PBXFileReference; lastKnownFileType = sourcecode.swift; path = AppDelegate.swift; sourceTree = "<group>"; };
		347472941BFA8C6A0018B7F6 /* Assets.xcassets */ = {isa = PBXFileReference; lastKnownFileType = folder.assetcatalog; path = Assets.xcassets; sourceTree = "<group>"; };
		347472971BFA8C6A0018B7F6 /* Base */ = {isa = PBXFileReference; lastKnownFileType = file.storyboard; name = Base; path = Base.lproj/LaunchScreen.storyboard; sourceTree = "<group>"; };
		3474729E1BFA8C6A0018B7F6 /* BluePicTests.xctest */ = {isa = PBXFileReference; explicitFileType = wrapper.cfbundle; includeInIndex = 0; path = BluePicTests.xctest; sourceTree = BUILT_PRODUCTS_DIR; };
		347472A21BFA8C6A0018B7F6 /* BluePicTests.swift */ = {isa = PBXFileReference; lastKnownFileType = sourcecode.swift; path = BluePicTests.swift; sourceTree = "<group>"; };
		347472A41BFA8C6A0018B7F6 /* Info.plist */ = {isa = PBXFileReference; lastKnownFileType = text.plist.xml; path = Info.plist; sourceTree = "<group>"; };
		347472A91BFA8C6A0018B7F6 /* BluePicUITests.xctest */ = {isa = PBXFileReference; explicitFileType = wrapper.cfbundle; includeInIndex = 0; path = BluePicUITests.xctest; sourceTree = BUILT_PRODUCTS_DIR; };
		347472AD1BFA8C6A0018B7F6 /* BluePicUITests.swift */ = {isa = PBXFileReference; lastKnownFileType = sourcecode.swift; path = BluePicUITests.swift; sourceTree = "<group>"; };
		347472AF1BFA8C6A0018B7F6 /* Info.plist */ = {isa = PBXFileReference; lastKnownFileType = text.plist.xml; path = Info.plist; sourceTree = "<group>"; };
		347472C01BFA8DEF0018B7F6 /* CGFloatExtension.swift */ = {isa = PBXFileReference; fileEncoding = 4; lastKnownFileType = sourcecode.swift; path = CGFloatExtension.swift; sourceTree = "<group>"; };
		347472C11BFA8DEF0018B7F6 /* DoubleExtension.swift */ = {isa = PBXFileReference; fileEncoding = 4; lastKnownFileType = sourcecode.swift; path = DoubleExtension.swift; sourceTree = "<group>"; };
		347472C21BFA8DEF0018B7F6 /* FloatExtension.swift */ = {isa = PBXFileReference; fileEncoding = 4; lastKnownFileType = sourcecode.swift; path = FloatExtension.swift; sourceTree = "<group>"; };
		347472C31BFA8DEF0018B7F6 /* IntExtension.swift */ = {isa = PBXFileReference; fileEncoding = 4; lastKnownFileType = sourcecode.swift; path = IntExtension.swift; sourceTree = "<group>"; };
		347472C41BFA8DEF0018B7F6 /* NSCoderExtension.swift */ = {isa = PBXFileReference; fileEncoding = 4; lastKnownFileType = sourcecode.swift; path = NSCoderExtension.swift; sourceTree = "<group>"; };
		347472C51BFA8DEF0018B7F6 /* NSDateExtension.swift */ = {isa = PBXFileReference; fileEncoding = 4; lastKnownFileType = sourcecode.swift; path = NSDateExtension.swift; sourceTree = "<group>"; };
		347472C61BFA8DEF0018B7F6 /* NSDictionaryExtension.swift */ = {isa = PBXFileReference; fileEncoding = 4; lastKnownFileType = sourcecode.swift; path = NSDictionaryExtension.swift; sourceTree = "<group>"; };
		347472C71BFA8DEF0018B7F6 /* StringExtension.swift */ = {isa = PBXFileReference; fileEncoding = 4; lastKnownFileType = sourcecode.swift; path = StringExtension.swift; sourceTree = "<group>"; };
		347472C81BFA8DEF0018B7F6 /* UIButtonExtension.swift */ = {isa = PBXFileReference; fileEncoding = 4; lastKnownFileType = sourcecode.swift; path = UIButtonExtension.swift; sourceTree = "<group>"; };
		347472C91BFA8DEF0018B7F6 /* UIColorExtension.swift */ = {isa = PBXFileReference; fileEncoding = 4; lastKnownFileType = sourcecode.swift; path = UIColorExtension.swift; sourceTree = "<group>"; };
		347472CA1BFA8DEF0018B7F6 /* UIFontExtension.swift */ = {isa = PBXFileReference; fileEncoding = 4; lastKnownFileType = sourcecode.swift; path = UIFontExtension.swift; sourceTree = "<group>"; };
		347472CB1BFA8DEF0018B7F6 /* UIImageExtension.swift */ = {isa = PBXFileReference; fileEncoding = 4; lastKnownFileType = sourcecode.swift; path = UIImageExtension.swift; sourceTree = "<group>"; };
		347472CC1BFA8DEF0018B7F6 /* UIImageViewExtension.swift */ = {isa = PBXFileReference; fileEncoding = 4; lastKnownFileType = sourcecode.swift; path = UIImageViewExtension.swift; sourceTree = "<group>"; };
		347472CD1BFA8DEF0018B7F6 /* UILabelExtension.swift */ = {isa = PBXFileReference; fileEncoding = 4; lastKnownFileType = sourcecode.swift; path = UILabelExtension.swift; sourceTree = "<group>"; };
		347472CE1BFA8DEF0018B7F6 /* UIViewExtensions.swift */ = {isa = PBXFileReference; fileEncoding = 4; lastKnownFileType = sourcecode.swift; path = UIViewExtensions.swift; sourceTree = "<group>"; };
		347472D31BFA8DEF0018B7F6 /* Main.storyboard */ = {isa = PBXFileReference; fileEncoding = 4; lastKnownFileType = file.storyboard; path = Main.storyboard; sourceTree = "<group>"; };
		347472D61BFA8DEF0018B7F6 /* LocalizationUtils.swift */ = {isa = PBXFileReference; fileEncoding = 4; lastKnownFileType = sourcecode.swift; path = LocalizationUtils.swift; sourceTree = "<group>"; };
		347472D71BFA8DEF0018B7F6 /* Utils.swift */ = {isa = PBXFileReference; fileEncoding = 4; lastKnownFileType = sourcecode.swift; path = Utils.swift; sourceTree = "<group>"; };
		347472F01BFA8E320018B7F6 /* LoginViewController.swift */ = {isa = PBXFileReference; fileEncoding = 4; lastKnownFileType = sourcecode.swift; path = LoginViewController.swift; sourceTree = "<group>"; };
		34C8093D1BFCB0C800C48004 /* Alamofire.framework */ = {isa = PBXFileReference; lastKnownFileType = wrapper.framework; name = Alamofire.framework; path = Carthage/Build/iOS/Alamofire.framework; sourceTree = "<group>"; };
		34C8093E1BFCB0C800C48004 /* AlamofireObjectMapper.framework */ = {isa = PBXFileReference; lastKnownFileType = wrapper.framework; name = AlamofireObjectMapper.framework; path = Carthage/Build/iOS/AlamofireObjectMapper.framework; sourceTree = "<group>"; };
		34C8093F1BFCB0C800C48004 /* ObjectMapper.framework */ = {isa = PBXFileReference; lastKnownFileType = wrapper.framework; name = ObjectMapper.framework; path = Carthage/Build/iOS/ObjectMapper.framework; sourceTree = "<group>"; };
		34C8094A1BFCD9A300C48004 /* Info.plist */ = {isa = PBXFileReference; fileEncoding = 4; lastKnownFileType = text.plist.xml; path = Info.plist; sourceTree = "<group>"; };
		34C8094C1BFCEA0400C48004 /* keys.plist */ = {isa = PBXFileReference; fileEncoding = 4; lastKnownFileType = text.plist.xml; path = keys.plist; sourceTree = "<group>"; };
		34C809541BFD0F2400C48004 /* FacebookDataManager.swift */ = {isa = PBXFileReference; fileEncoding = 4; lastKnownFileType = sourcecode.swift; path = FacebookDataManager.swift; sourceTree = "<group>"; };
		494AA0AF1BFE4CBA006FC48E /* ObjectStorageClientTests.swift */ = {isa = PBXFileReference; fileEncoding = 4; lastKnownFileType = sourcecode.swift; path = ObjectStorageClientTests.swift; sourceTree = "<group>"; };
		4DF2008F9A93E25237957424 /* Pods.release.xcconfig */ = {isa = PBXFileReference; includeInIndex = 1; lastKnownFileType = text.xcconfig; name = Pods.release.xcconfig; path = "Pods/Target Support Files/Pods/Pods.release.xcconfig"; sourceTree = "<group>"; };
		548428B896D4182B293AB59E /* Pods.debug.xcconfig */ = {isa = PBXFileReference; includeInIndex = 1; lastKnownFileType = text.xcconfig; name = Pods.debug.xcconfig; path = "Pods/Target Support Files/Pods/Pods.debug.xcconfig"; sourceTree = "<group>"; };
		BDC4B5F21BFBC77200CC1648 /* BluePic-Bridging-Header.h */ = {isa = PBXFileReference; lastKnownFileType = sourcecode.c.h; path = "BluePic-Bridging-Header.h"; sourceTree = "<group>"; };
/* End PBXFileReference section */

/* Begin PBXFrameworksBuildPhase section */
		347472871BFA8C6A0018B7F6 /* Frameworks */ = {
			isa = PBXFrameworksBuildPhase;
			buildActionMask = 2147483647;
			files = (
				FC315DE6D7B8C71B03B95C18 /* libPods.a in Frameworks */,
				34C809461BFCB10100C48004 /* AlamofireObjectMapper.framework in Frameworks */,
				34C809481BFCB10300C48004 /* ObjectMapper.framework in Frameworks */,
				34C809431BFCB0FF00C48004 /* Alamofire.framework in Frameworks */,
			);
			runOnlyForDeploymentPostprocessing = 0;
		};
		3474729B1BFA8C6A0018B7F6 /* Frameworks */ = {
			isa = PBXFrameworksBuildPhase;
			buildActionMask = 2147483647;
			files = (
			);
			runOnlyForDeploymentPostprocessing = 0;
		};
		347472A61BFA8C6A0018B7F6 /* Frameworks */ = {
			isa = PBXFrameworksBuildPhase;
			buildActionMask = 2147483647;
			files = (
			);
			runOnlyForDeploymentPostprocessing = 0;
		};
/* End PBXFrameworksBuildPhase section */

/* Begin PBXGroup section */
		3435C7481BFE9E06004923BD /* Fonts */ = {
			isa = PBXGroup;
			children = (
				3435C7491BFE9E06004923BD /* Roboto-Black.ttf */,
				3435C74A1BFE9E06004923BD /* Roboto-BlackItalic.ttf */,
				3435C74B1BFE9E06004923BD /* Roboto-Bold.ttf */,
				3435C74C1BFE9E06004923BD /* Roboto-BoldItalic.ttf */,
				3435C74D1BFE9E06004923BD /* Roboto-Italic.ttf */,
				3435C74E1BFE9E06004923BD /* Roboto-Light.ttf */,
				3435C74F1BFE9E06004923BD /* Roboto-LightItalic.ttf */,
				3435C7501BFE9E06004923BD /* Roboto-Medium.ttf */,
				3435C7511BFE9E06004923BD /* Roboto-MediumItalic.ttf */,
				3435C7521BFE9E06004923BD /* Roboto-Regular.ttf */,
				3435C7531BFE9E06004923BD /* Roboto-Thin.ttf */,
				3435C7541BFE9E06004923BD /* Roboto-ThinItalic.ttf */,
			);
			path = Fonts;
			sourceTree = "<group>";
		};
		347472811BFA8C6A0018B7F6 = {
			isa = PBXGroup;
			children = (
				3474728C1BFA8C6A0018B7F6 /* BluePic */,
				347472A11BFA8C6A0018B7F6 /* BluePicTests */,
				347472AC1BFA8C6A0018B7F6 /* BluePicUITests */,
				3474728B1BFA8C6A0018B7F6 /* Products */,
				DF6A97152FD63FCE242B5547 /* Pods */,
				C93A0D59BDE755BE5A1209FC /* Frameworks */,
			);
			sourceTree = "<group>";
		};
		3474728B1BFA8C6A0018B7F6 /* Products */ = {
			isa = PBXGroup;
			children = (
				3474728A1BFA8C6A0018B7F6 /* BluePic.app */,
				3474729E1BFA8C6A0018B7F6 /* BluePicTests.xctest */,
				347472A91BFA8C6A0018B7F6 /* BluePicUITests.xctest */,
			);
			name = Products;
			sourceTree = "<group>";
		};
		3474728C1BFA8C6A0018B7F6 /* BluePic */ = {
			isa = PBXGroup;
			children = (
				3474728D1BFA8C6A0018B7F6 /* AppDelegate.swift */,
				347472941BFA8C6A0018B7F6 /* Assets.xcassets */,
				347472961BFA8C6A0018B7F6 /* LaunchScreen.storyboard */,
				347472BB1BFA8DEF0018B7F6 /* Configuration */,
				34F6972C1BFB8EB900A2D2EC /* ExternalLibraries */,
				347472BD1BFA8DEF0018B7F6 /* Controllers */,
				34F6972B1BFB8E6C00A2D2EC /* SupportingFiles */,
				347472BF1BFA8DEF0018B7F6 /* Extensions */,
				347472D21BFA8DEF0018B7F6 /* Storyboards */,
				34C809511BFD0CBC00C48004 /* DataManagers */,
				34C809521BFD0CBC00C48004 /* ViewModels */,
				34C809531BFD0CBC00C48004 /* Views */,
				3435C7481BFE9E06004923BD /* Fonts */,
				347472D51BFA8DEF0018B7F6 /* Utilities */,
			);
			path = BluePic;
			sourceTree = "<group>";
		};
		347472A11BFA8C6A0018B7F6 /* BluePicTests */ = {
			isa = PBXGroup;
			children = (
				347472A21BFA8C6A0018B7F6 /* BluePicTests.swift */,
				494AA0AF1BFE4CBA006FC48E /* ObjectStorageClientTests.swift */,
				347472A41BFA8C6A0018B7F6 /* Info.plist */,
			);
			path = BluePicTests;
			sourceTree = "<group>";
		};
		347472AC1BFA8C6A0018B7F6 /* BluePicUITests */ = {
			isa = PBXGroup;
			children = (
				347472AD1BFA8C6A0018B7F6 /* BluePicUITests.swift */,
				347472AF1BFA8C6A0018B7F6 /* Info.plist */,
			);
			path = BluePicUITests;
			sourceTree = "<group>";
		};
		347472BB1BFA8DEF0018B7F6 /* Configuration */ = {
			isa = PBXGroup;
			children = (
				34C8094C1BFCEA0400C48004 /* keys.plist */,
				34C8094A1BFCD9A300C48004 /* Info.plist */,
			);
			path = Configuration;
			sourceTree = "<group>";
		};
		347472BD1BFA8DEF0018B7F6 /* Controllers */ = {
			isa = PBXGroup;
			children = (
				347472F01BFA8E320018B7F6 /* LoginViewController.swift */,
				3435C7CE1C036A60004923BD /* TabBarViewController.swift */,
			);
			path = Controllers;
			sourceTree = "<group>";
		};
		347472BF1BFA8DEF0018B7F6 /* Extensions */ = {
			isa = PBXGroup;
			children = (
				347472C01BFA8DEF0018B7F6 /* CGFloatExtension.swift */,
				347472C11BFA8DEF0018B7F6 /* DoubleExtension.swift */,
				347472C21BFA8DEF0018B7F6 /* FloatExtension.swift */,
				347472C31BFA8DEF0018B7F6 /* IntExtension.swift */,
				347472C41BFA8DEF0018B7F6 /* NSCoderExtension.swift */,
				347472C51BFA8DEF0018B7F6 /* NSDateExtension.swift */,
				347472C61BFA8DEF0018B7F6 /* NSDictionaryExtension.swift */,
				347472C71BFA8DEF0018B7F6 /* StringExtension.swift */,
				347472C81BFA8DEF0018B7F6 /* UIButtonExtension.swift */,
				347472C91BFA8DEF0018B7F6 /* UIColorExtension.swift */,
				347472CA1BFA8DEF0018B7F6 /* UIFontExtension.swift */,
				347472CB1BFA8DEF0018B7F6 /* UIImageExtension.swift */,
				347472CC1BFA8DEF0018B7F6 /* UIImageViewExtension.swift */,
				347472CD1BFA8DEF0018B7F6 /* UILabelExtension.swift */,
				347472CE1BFA8DEF0018B7F6 /* UIViewExtensions.swift */,
			);
			path = Extensions;
			sourceTree = "<group>";
		};
		347472D21BFA8DEF0018B7F6 /* Storyboards */ = {
			isa = PBXGroup;
			children = (
				347472D31BFA8DEF0018B7F6 /* Main.storyboard */,
				3435C7C81C0368B1004923BD /* Feed.storyboard */,
				3435C7CA1C0368DA004923BD /* Camera.storyboard */,
				3435C7CC1C03690F004923BD /* Profile.storyboard */,
			);
			path = Storyboards;
			sourceTree = "<group>";
		};
		347472D51BFA8DEF0018B7F6 /* Utilities */ = {
			isa = PBXGroup;
			children = (
				347472D61BFA8DEF0018B7F6 /* LocalizationUtils.swift */,
				347472D71BFA8DEF0018B7F6 /* Utils.swift */,
			);
			path = Utilities;
			sourceTree = "<group>";
		};
		34C809511BFD0CBC00C48004 /* DataManagers */ = {
			isa = PBXGroup;
			children = (
				3435C7D01C03E223004923BD /* CloudantSyncClient.swift */,
				3435C7D11C03E223004923BD /* ObjectStorageClient.swift */,
				34C809541BFD0F2400C48004 /* FacebookDataManager.swift */,
			);
			path = DataManagers;
			sourceTree = "<group>";
		};
		34C809521BFD0CBC00C48004 /* ViewModels */ = {
			isa = PBXGroup;
			children = (
			);
			path = ViewModels;
			sourceTree = "<group>";
		};
		34C809531BFD0CBC00C48004 /* Views */ = {
			isa = PBXGroup;
			children = (
			);
			path = Views;
			sourceTree = "<group>";
		};
		34F6972B1BFB8E6C00A2D2EC /* SupportingFiles */ = {
			isa = PBXGroup;
			children = (
				BDC4B5F21BFBC77200CC1648 /* BluePic-Bridging-Header.h */,
			);
			path = SupportingFiles;
			sourceTree = "<group>";
		};
		34F6972C1BFB8EB900A2D2EC /* ExternalLibraries */ = {
			isa = PBXGroup;
			children = (
			);
			path = ExternalLibraries;
			sourceTree = "<group>";
		};
		C93A0D59BDE755BE5A1209FC /* Frameworks */ = {
			isa = PBXGroup;
			children = (
				34C8093D1BFCB0C800C48004 /* Alamofire.framework */,
				34C8093E1BFCB0C800C48004 /* AlamofireObjectMapper.framework */,
				34C8093F1BFCB0C800C48004 /* ObjectMapper.framework */,
				11F4C7A29750E1B7B37ABAFA /* libPods.a */,
			);
			name = Frameworks;
			sourceTree = "<group>";
		};
		DF6A97152FD63FCE242B5547 /* Pods */ = {
			isa = PBXGroup;
			children = (
				548428B896D4182B293AB59E /* Pods.debug.xcconfig */,
				4DF2008F9A93E25237957424 /* Pods.release.xcconfig */,
			);
			name = Pods;
			sourceTree = "<group>";
		};
/* End PBXGroup section */

/* Begin PBXNativeTarget section */
		347472891BFA8C6A0018B7F6 /* BluePic */ = {
			isa = PBXNativeTarget;
			buildConfigurationList = 347472B21BFA8C6A0018B7F6 /* Build configuration list for PBXNativeTarget "BluePic" */;
			buildPhases = (
				DDE8EE5846F7AE80F5D83272 /* Check Pods Manifest.lock */,
				347472861BFA8C6A0018B7F6 /* Sources */,
				347472871BFA8C6A0018B7F6 /* Frameworks */,
				347472881BFA8C6A0018B7F6 /* Resources */,
				28652D394171C4F52E5A398D /* Embed Pods Frameworks */,
				7D0179214381D54F428B05CB /* Copy Pods Resources */,
				34C809451BFCB0FF00C48004 /* Embed Frameworks */,
			);
			buildRules = (
			);
			dependencies = (
			);
			name = BluePic;
			productName = BluePic;
			productReference = 3474728A1BFA8C6A0018B7F6 /* BluePic.app */;
			productType = "com.apple.product-type.application";
		};
		3474729D1BFA8C6A0018B7F6 /* BluePicTests */ = {
			isa = PBXNativeTarget;
			buildConfigurationList = 347472B51BFA8C6A0018B7F6 /* Build configuration list for PBXNativeTarget "BluePicTests" */;
			buildPhases = (
				3474729A1BFA8C6A0018B7F6 /* Sources */,
				3474729B1BFA8C6A0018B7F6 /* Frameworks */,
				3474729C1BFA8C6A0018B7F6 /* Resources */,
			);
			buildRules = (
			);
			dependencies = (
				347472A01BFA8C6A0018B7F6 /* PBXTargetDependency */,
			);
			name = BluePicTests;
			productName = BluePicTests;
			productReference = 3474729E1BFA8C6A0018B7F6 /* BluePicTests.xctest */;
			productType = "com.apple.product-type.bundle.unit-test";
		};
		347472A81BFA8C6A0018B7F6 /* BluePicUITests */ = {
			isa = PBXNativeTarget;
			buildConfigurationList = 347472B81BFA8C6A0018B7F6 /* Build configuration list for PBXNativeTarget "BluePicUITests" */;
			buildPhases = (
				347472A51BFA8C6A0018B7F6 /* Sources */,
				347472A61BFA8C6A0018B7F6 /* Frameworks */,
				347472A71BFA8C6A0018B7F6 /* Resources */,
			);
			buildRules = (
			);
			dependencies = (
				347472AB1BFA8C6A0018B7F6 /* PBXTargetDependency */,
			);
			name = BluePicUITests;
			productName = BluePicUITests;
			productReference = 347472A91BFA8C6A0018B7F6 /* BluePicUITests.xctest */;
			productType = "com.apple.product-type.bundle.ui-testing";
		};
/* End PBXNativeTarget section */

/* Begin PBXProject section */
		347472821BFA8C6A0018B7F6 /* Project object */ = {
			isa = PBXProject;
			attributes = {
				LastSwiftUpdateCheck = 0710;
				LastUpgradeCheck = 0710;
				ORGANIZATIONNAME = MIL;
				TargetAttributes = {
					347472891BFA8C6A0018B7F6 = {
						CreatedOnToolsVersion = 7.1.1;
					};
					3474729D1BFA8C6A0018B7F6 = {
						CreatedOnToolsVersion = 7.1.1;
						TestTargetID = 347472891BFA8C6A0018B7F6;
					};
					347472A81BFA8C6A0018B7F6 = {
						CreatedOnToolsVersion = 7.1.1;
						TestTargetID = 347472891BFA8C6A0018B7F6;
					};
				};
			};
			buildConfigurationList = 347472851BFA8C6A0018B7F6 /* Build configuration list for PBXProject "BluePic" */;
			compatibilityVersion = "Xcode 3.2";
			developmentRegion = English;
			hasScannedForEncodings = 0;
			knownRegions = (
				en,
				Base,
			);
			mainGroup = 347472811BFA8C6A0018B7F6;
			productRefGroup = 3474728B1BFA8C6A0018B7F6 /* Products */;
			projectDirPath = "";
			projectRoot = "";
			targets = (
				347472891BFA8C6A0018B7F6 /* BluePic */,
				3474729D1BFA8C6A0018B7F6 /* BluePicTests */,
				347472A81BFA8C6A0018B7F6 /* BluePicUITests */,
			);
		};
/* End PBXProject section */

/* Begin PBXResourcesBuildPhase section */
		347472881BFA8C6A0018B7F6 /* Resources */ = {
			isa = PBXResourcesBuildPhase;
			buildActionMask = 2147483647;
			files = (
				3435C75F1BFE9E06004923BD /* Roboto-Thin.ttf in Resources */,
				3435C7CB1C0368DA004923BD /* Camera.storyboard in Resources */,
				3435C7CD1C03690F004923BD /* Profile.storyboard in Resources */,
				3435C75C1BFE9E06004923BD /* Roboto-Medium.ttf in Resources */,
				3435C7C91C0368B1004923BD /* Feed.storyboard in Resources */,
				3435C7581BFE9E06004923BD /* Roboto-BoldItalic.ttf in Resources */,
				34C8094D1BFCEA0400C48004 /* keys.plist in Resources */,
				3435C75B1BFE9E06004923BD /* Roboto-LightItalic.ttf in Resources */,
				3435C75D1BFE9E06004923BD /* Roboto-MediumItalic.ttf in Resources */,
				34C8094B1BFCD9A300C48004 /* Info.plist in Resources */,
				3435C75A1BFE9E06004923BD /* Roboto-Light.ttf in Resources */,
				347472ED1BFA8DEF0018B7F6 /* Main.storyboard in Resources */,
				3435C7561BFE9E06004923BD /* Roboto-BlackItalic.ttf in Resources */,
				3435C7601BFE9E06004923BD /* Roboto-ThinItalic.ttf in Resources */,
				347472981BFA8C6A0018B7F6 /* LaunchScreen.storyboard in Resources */,
				347472951BFA8C6A0018B7F6 /* Assets.xcassets in Resources */,
				3435C7591BFE9E06004923BD /* Roboto-Italic.ttf in Resources */,
				3435C75E1BFE9E06004923BD /* Roboto-Regular.ttf in Resources */,
				3435C7571BFE9E06004923BD /* Roboto-Bold.ttf in Resources */,
				3435C7551BFE9E06004923BD /* Roboto-Black.ttf in Resources */,
			);
			runOnlyForDeploymentPostprocessing = 0;
		};
		3474729C1BFA8C6A0018B7F6 /* Resources */ = {
			isa = PBXResourcesBuildPhase;
			buildActionMask = 2147483647;
			files = (
			);
			runOnlyForDeploymentPostprocessing = 0;
		};
		347472A71BFA8C6A0018B7F6 /* Resources */ = {
			isa = PBXResourcesBuildPhase;
			buildActionMask = 2147483647;
			files = (
			);
			runOnlyForDeploymentPostprocessing = 0;
		};
/* End PBXResourcesBuildPhase section */

/* Begin PBXShellScriptBuildPhase section */
		28652D394171C4F52E5A398D /* Embed Pods Frameworks */ = {
			isa = PBXShellScriptBuildPhase;
			buildActionMask = 2147483647;
			files = (
			);
			inputPaths = (
			);
			name = "Embed Pods Frameworks";
			outputPaths = (
			);
			runOnlyForDeploymentPostprocessing = 0;
			shellPath = /bin/sh;
			shellScript = "\"${SRCROOT}/Pods/Target Support Files/Pods/Pods-frameworks.sh\"\n";
			showEnvVarsInLog = 0;
		};
		7D0179214381D54F428B05CB /* Copy Pods Resources */ = {
			isa = PBXShellScriptBuildPhase;
			buildActionMask = 2147483647;
			files = (
			);
			inputPaths = (
			);
			name = "Copy Pods Resources";
			outputPaths = (
			);
			runOnlyForDeploymentPostprocessing = 0;
			shellPath = /bin/sh;
			shellScript = "\"${SRCROOT}/Pods/Target Support Files/Pods/Pods-resources.sh\"\n";
			showEnvVarsInLog = 0;
		};
		DDE8EE5846F7AE80F5D83272 /* Check Pods Manifest.lock */ = {
			isa = PBXShellScriptBuildPhase;
			buildActionMask = 2147483647;
			files = (
			);
			inputPaths = (
			);
			name = "Check Pods Manifest.lock";
			outputPaths = (
			);
			runOnlyForDeploymentPostprocessing = 0;
			shellPath = /bin/sh;
			shellScript = "diff \"${PODS_ROOT}/../Podfile.lock\" \"${PODS_ROOT}/Manifest.lock\" > /dev/null\nif [[ $? != 0 ]] ; then\n    cat << EOM\nerror: The sandbox is not in sync with the Podfile.lock. Run 'pod install' or update your CocoaPods installation.\nEOM\n    exit 1\nfi\n";
			showEnvVarsInLog = 0;
		};
/* End PBXShellScriptBuildPhase section */

/* Begin PBXSourcesBuildPhase section */
		347472861BFA8C6A0018B7F6 /* Sources */ = {
			isa = PBXSourcesBuildPhase;
			buildActionMask = 2147483647;
			files = (
				347472DD1BFA8DEF0018B7F6 /* DoubleExtension.swift in Sources */,
				347472E91BFA8DEF0018B7F6 /* UILabelExtension.swift in Sources */,
				3435C7CF1C036A60004923BD /* TabBarViewController.swift in Sources */,
				347472DF1BFA8DEF0018B7F6 /* IntExtension.swift in Sources */,
				347472DE1BFA8DEF0018B7F6 /* FloatExtension.swift in Sources */,
				347472E01BFA8DEF0018B7F6 /* NSCoderExtension.swift in Sources */,
				347472E41BFA8DEF0018B7F6 /* UIButtonExtension.swift in Sources */,
				347472EF1BFA8DEF0018B7F6 /* Utils.swift in Sources */,
				347472E51BFA8DEF0018B7F6 /* UIColorExtension.swift in Sources */,
				347472E71BFA8DEF0018B7F6 /* UIImageExtension.swift in Sources */,
				347472E21BFA8DEF0018B7F6 /* NSDictionaryExtension.swift in Sources */,
				3435C7D21C03E223004923BD /* CloudantSyncClient.swift in Sources */,
				347472E11BFA8DEF0018B7F6 /* NSDateExtension.swift in Sources */,
				347472E61BFA8DEF0018B7F6 /* UIFontExtension.swift in Sources */,
				347472DC1BFA8DEF0018B7F6 /* CGFloatExtension.swift in Sources */,
				347472EE1BFA8DEF0018B7F6 /* LocalizationUtils.swift in Sources */,
				3435C7D31C03E223004923BD /* ObjectStorageClient.swift in Sources */,
				347472E31BFA8DEF0018B7F6 /* StringExtension.swift in Sources */,
				347472E81BFA8DEF0018B7F6 /* UIImageViewExtension.swift in Sources */,
				347472EA1BFA8DEF0018B7F6 /* UIViewExtensions.swift in Sources */,
				347472F11BFA8E320018B7F6 /* LoginViewController.swift in Sources */,
				3474728E1BFA8C6A0018B7F6 /* AppDelegate.swift in Sources */,
				34C809551BFD0F2400C48004 /* FacebookDataManager.swift in Sources */,
			);
			runOnlyForDeploymentPostprocessing = 0;
		};
		3474729A1BFA8C6A0018B7F6 /* Sources */ = {
			isa = PBXSourcesBuildPhase;
			buildActionMask = 2147483647;
			files = (
				347472A31BFA8C6A0018B7F6 /* BluePicTests.swift in Sources */,
				494AA0B01BFE4CBA006FC48E /* ObjectStorageClientTests.swift in Sources */,
			);
			runOnlyForDeploymentPostprocessing = 0;
		};
		347472A51BFA8C6A0018B7F6 /* Sources */ = {
			isa = PBXSourcesBuildPhase;
			buildActionMask = 2147483647;
			files = (
				347472AE1BFA8C6A0018B7F6 /* BluePicUITests.swift in Sources */,
			);
			runOnlyForDeploymentPostprocessing = 0;
		};
/* End PBXSourcesBuildPhase section */

/* Begin PBXTargetDependency section */
		347472A01BFA8C6A0018B7F6 /* PBXTargetDependency */ = {
			isa = PBXTargetDependency;
			target = 347472891BFA8C6A0018B7F6 /* BluePic */;
			targetProxy = 3474729F1BFA8C6A0018B7F6 /* PBXContainerItemProxy */;
		};
		347472AB1BFA8C6A0018B7F6 /* PBXTargetDependency */ = {
			isa = PBXTargetDependency;
			target = 347472891BFA8C6A0018B7F6 /* BluePic */;
			targetProxy = 347472AA1BFA8C6A0018B7F6 /* PBXContainerItemProxy */;
		};
/* End PBXTargetDependency section */

/* Begin PBXVariantGroup section */
		347472961BFA8C6A0018B7F6 /* LaunchScreen.storyboard */ = {
			isa = PBXVariantGroup;
			children = (
				347472971BFA8C6A0018B7F6 /* Base */,
			);
			name = LaunchScreen.storyboard;
			sourceTree = "<group>";
		};
/* End PBXVariantGroup section */

/* Begin XCBuildConfiguration section */
		347472B01BFA8C6A0018B7F6 /* Debug */ = {
			isa = XCBuildConfiguration;
			buildSettings = {
				ALWAYS_SEARCH_USER_PATHS = YES;
				CLANG_CXX_LANGUAGE_STANDARD = "gnu++0x";
				CLANG_CXX_LIBRARY = "libc++";
				CLANG_ENABLE_MODULES = YES;
				CLANG_ENABLE_OBJC_ARC = YES;
				CLANG_WARN_BOOL_CONVERSION = YES;
				CLANG_WARN_CONSTANT_CONVERSION = YES;
				CLANG_WARN_DIRECT_OBJC_ISA_USAGE = YES_ERROR;
				CLANG_WARN_EMPTY_BODY = YES;
				CLANG_WARN_ENUM_CONVERSION = YES;
				CLANG_WARN_INT_CONVERSION = YES;
				CLANG_WARN_OBJC_ROOT_CLASS = YES_ERROR;
				CLANG_WARN_UNREACHABLE_CODE = YES;
				CLANG_WARN__DUPLICATE_METHOD_MATCH = YES;
				"CODE_SIGN_IDENTITY[sdk=iphoneos*]" = "iPhone Developer";
				COPY_PHASE_STRIP = NO;
				DEBUG_INFORMATION_FORMAT = dwarf;
				ENABLE_STRICT_OBJC_MSGSEND = YES;
				ENABLE_TESTABILITY = YES;
				GCC_C_LANGUAGE_STANDARD = gnu99;
				GCC_DYNAMIC_NO_PIC = NO;
				GCC_NO_COMMON_BLOCKS = YES;
				GCC_OPTIMIZATION_LEVEL = 0;
				GCC_PREPROCESSOR_DEFINITIONS = (
					"DEBUG=1",
					"$(inherited)",
				);
				GCC_WARN_64_TO_32_BIT_CONVERSION = YES;
				GCC_WARN_ABOUT_RETURN_TYPE = YES_ERROR;
				GCC_WARN_UNDECLARED_SELECTOR = YES;
				GCC_WARN_UNINITIALIZED_AUTOS = YES_AGGRESSIVE;
				GCC_WARN_UNUSED_FUNCTION = YES;
				GCC_WARN_UNUSED_VARIABLE = YES;
				IPHONEOS_DEPLOYMENT_TARGET = 9.1;
				MTL_ENABLE_DEBUG_INFO = YES;
				ONLY_ACTIVE_ARCH = YES;
				SDKROOT = iphoneos;
				SWIFT_OPTIMIZATION_LEVEL = "-Onone";
				TARGETED_DEVICE_FAMILY = "1,2";
				USER_HEADER_SEARCH_PATHS = "Pods/**";
			};
			name = Debug;
		};
		347472B11BFA8C6A0018B7F6 /* Release */ = {
			isa = XCBuildConfiguration;
			buildSettings = {
				ALWAYS_SEARCH_USER_PATHS = YES;
				CLANG_CXX_LANGUAGE_STANDARD = "gnu++0x";
				CLANG_CXX_LIBRARY = "libc++";
				CLANG_ENABLE_MODULES = YES;
				CLANG_ENABLE_OBJC_ARC = YES;
				CLANG_WARN_BOOL_CONVERSION = YES;
				CLANG_WARN_CONSTANT_CONVERSION = YES;
				CLANG_WARN_DIRECT_OBJC_ISA_USAGE = YES_ERROR;
				CLANG_WARN_EMPTY_BODY = YES;
				CLANG_WARN_ENUM_CONVERSION = YES;
				CLANG_WARN_INT_CONVERSION = YES;
				CLANG_WARN_OBJC_ROOT_CLASS = YES_ERROR;
				CLANG_WARN_UNREACHABLE_CODE = YES;
				CLANG_WARN__DUPLICATE_METHOD_MATCH = YES;
				"CODE_SIGN_IDENTITY[sdk=iphoneos*]" = "iPhone Developer";
				COPY_PHASE_STRIP = NO;
				DEBUG_INFORMATION_FORMAT = "dwarf-with-dsym";
				ENABLE_NS_ASSERTIONS = NO;
				ENABLE_STRICT_OBJC_MSGSEND = YES;
				GCC_C_LANGUAGE_STANDARD = gnu99;
				GCC_NO_COMMON_BLOCKS = YES;
				GCC_WARN_64_TO_32_BIT_CONVERSION = YES;
				GCC_WARN_ABOUT_RETURN_TYPE = YES_ERROR;
				GCC_WARN_UNDECLARED_SELECTOR = YES;
				GCC_WARN_UNINITIALIZED_AUTOS = YES_AGGRESSIVE;
				GCC_WARN_UNUSED_FUNCTION = YES;
				GCC_WARN_UNUSED_VARIABLE = YES;
				IPHONEOS_DEPLOYMENT_TARGET = 9.1;
				MTL_ENABLE_DEBUG_INFO = NO;
				SDKROOT = iphoneos;
				SWIFT_OPTIMIZATION_LEVEL = "-Onone";
				TARGETED_DEVICE_FAMILY = "1,2";
				USER_HEADER_SEARCH_PATHS = "Pods/**";
				VALIDATE_PRODUCT = YES;
			};
			name = Release;
		};
		347472B31BFA8C6A0018B7F6 /* Debug */ = {
			isa = XCBuildConfiguration;
			baseConfigurationReference = 548428B896D4182B293AB59E /* Pods.debug.xcconfig */;
			buildSettings = {
				ASSETCATALOG_COMPILER_APPICON_NAME = AppIcon;
				CLANG_ENABLE_MODULES = YES;
				FRAMEWORK_SEARCH_PATHS = (
					"$(inherited)",
					"$(PROJECT_DIR)",
					"$(PROJECT_DIR)/BluePic/Controllers/ExternalLibraries",
					"$(PROJECT_DIR)/BluePic/ExternalLibraries",
					"$(PROJECT_DIR)/Carthage/Build/iOS",
				);
				INFOPLIST_FILE = "$(SRCROOT)/BluePic/Configuration/Info.plist";
				IPHONEOS_DEPLOYMENT_TARGET = 9.0;
				LD_RUNPATH_SEARCH_PATHS = "$(inherited) @executable_path/Frameworks";
				PRODUCT_BUNDLE_IDENTIFIER = com.ibm.cio.be.BluePic;
				PRODUCT_NAME = "$(TARGET_NAME)";
				SWIFT_OBJC_BRIDGING_HEADER = "BluePic/SupportingFiles/BluePic-Bridging-Header.h";
				SWIFT_OPTIMIZATION_LEVEL = "-Onone";
			};
			name = Debug;
		};
		347472B41BFA8C6A0018B7F6 /* Release */ = {
			isa = XCBuildConfiguration;
			baseConfigurationReference = 4DF2008F9A93E25237957424 /* Pods.release.xcconfig */;
			buildSettings = {
				ASSETCATALOG_COMPILER_APPICON_NAME = AppIcon;
				CLANG_ENABLE_MODULES = YES;
				FRAMEWORK_SEARCH_PATHS = (
					"$(inherited)",
					"$(PROJECT_DIR)",
					"$(PROJECT_DIR)/BluePic/Controllers/ExternalLibraries",
					"$(PROJECT_DIR)/BluePic/ExternalLibraries",
					"$(PROJECT_DIR)/Carthage/Build/iOS",
				);
				INFOPLIST_FILE = "$(SRCROOT)/BluePic/Configuration/Info.plist";
				IPHONEOS_DEPLOYMENT_TARGET = 9.0;
				LD_RUNPATH_SEARCH_PATHS = "$(inherited) @executable_path/Frameworks";
				PRODUCT_BUNDLE_IDENTIFIER = com.ibm.cio.be.BluePic;
				PRODUCT_NAME = "$(TARGET_NAME)";
				SWIFT_OBJC_BRIDGING_HEADER = "BluePic/SupportingFiles/BluePic-Bridging-Header.h";
			};
			name = Release;
		};
		347472B61BFA8C6A0018B7F6 /* Debug */ = {
			isa = XCBuildConfiguration;
			buildSettings = {
				BUNDLE_LOADER = "$(TEST_HOST)";
				INFOPLIST_FILE = BluePicTests/Info.plist;
				LD_RUNPATH_SEARCH_PATHS = "$(inherited) @executable_path/Frameworks @loader_path/Frameworks";
				PRODUCT_BUNDLE_IDENTIFIER = com.mil.ibm.BluePicTests;
				PRODUCT_NAME = "$(TARGET_NAME)";
				TEST_HOST = "$(BUILT_PRODUCTS_DIR)/BluePic.app/BluePic";
			};
			name = Debug;
		};
		347472B71BFA8C6A0018B7F6 /* Release */ = {
			isa = XCBuildConfiguration;
			buildSettings = {
				BUNDLE_LOADER = "$(TEST_HOST)";
				INFOPLIST_FILE = BluePicTests/Info.plist;
				LD_RUNPATH_SEARCH_PATHS = "$(inherited) @executable_path/Frameworks @loader_path/Frameworks";
				PRODUCT_BUNDLE_IDENTIFIER = com.mil.ibm.BluePicTests;
				PRODUCT_NAME = "$(TARGET_NAME)";
				TEST_HOST = "$(BUILT_PRODUCTS_DIR)/BluePic.app/BluePic";
			};
			name = Release;
		};
		347472B91BFA8C6A0018B7F6 /* Debug */ = {
			isa = XCBuildConfiguration;
			buildSettings = {
				INFOPLIST_FILE = BluePicUITests/Info.plist;
				LD_RUNPATH_SEARCH_PATHS = "$(inherited) @executable_path/Frameworks @loader_path/Frameworks";
				PRODUCT_BUNDLE_IDENTIFIER = com.mil.ibm.BluePicUITests;
				PRODUCT_NAME = "$(TARGET_NAME)";
				TEST_TARGET_NAME = BluePic;
				USES_XCTRUNNER = YES;
			};
			name = Debug;
		};
		347472BA1BFA8C6A0018B7F6 /* Release */ = {
			isa = XCBuildConfiguration;
			buildSettings = {
				INFOPLIST_FILE = BluePicUITests/Info.plist;
				LD_RUNPATH_SEARCH_PATHS = "$(inherited) @executable_path/Frameworks @loader_path/Frameworks";
				PRODUCT_BUNDLE_IDENTIFIER = com.mil.ibm.BluePicUITests;
				PRODUCT_NAME = "$(TARGET_NAME)";
				TEST_TARGET_NAME = BluePic;
				USES_XCTRUNNER = YES;
			};
			name = Release;
		};
/* End XCBuildConfiguration section */

/* Begin XCConfigurationList section */
		347472851BFA8C6A0018B7F6 /* Build configuration list for PBXProject "BluePic" */ = {
			isa = XCConfigurationList;
			buildConfigurations = (
				347472B01BFA8C6A0018B7F6 /* Debug */,
				347472B11BFA8C6A0018B7F6 /* Release */,
			);
			defaultConfigurationIsVisible = 0;
			defaultConfigurationName = Release;
		};
		347472B21BFA8C6A0018B7F6 /* Build configuration list for PBXNativeTarget "BluePic" */ = {
			isa = XCConfigurationList;
			buildConfigurations = (
				347472B31BFA8C6A0018B7F6 /* Debug */,
				347472B41BFA8C6A0018B7F6 /* Release */,
			);
			defaultConfigurationIsVisible = 0;
			defaultConfigurationName = Release;
		};
		347472B51BFA8C6A0018B7F6 /* Build configuration list for PBXNativeTarget "BluePicTests" */ = {
			isa = XCConfigurationList;
			buildConfigurations = (
				347472B61BFA8C6A0018B7F6 /* Debug */,
				347472B71BFA8C6A0018B7F6 /* Release */,
			);
			defaultConfigurationIsVisible = 0;
			defaultConfigurationName = Release;
		};
		347472B81BFA8C6A0018B7F6 /* Build configuration list for PBXNativeTarget "BluePicUITests" */ = {
			isa = XCConfigurationList;
			buildConfigurations = (
				347472B91BFA8C6A0018B7F6 /* Debug */,
				347472BA1BFA8C6A0018B7F6 /* Release */,
			);
			defaultConfigurationIsVisible = 0;
			defaultConfigurationName = Release;
		};
/* End XCConfigurationList section */
	};
	rootObject = 347472821BFA8C6A0018B7F6 /* Project object */;
}
