// !$*UTF8*$!
{
	archiveVersion = 1;
	classes = {
	};
	objectVersion = 46;
	objects = {

/* Begin PBXBuildFile section */
		3F2EC31C1C69E1AD0070FCCE /* Admin.swift in Sources */ = {isa = PBXBuildFile; fileRef = 3F2EC31B1C69E1AD0070FCCE /* Admin.swift */; };
		A242B7011C351AD200AFB4AE /* Utils.swift in Sources */ = {isa = PBXBuildFile; fileRef = A242B7001C351AD200AFB4AE /* Utils.swift */; };
		A2A8F0ED1C3168AF00C73B61 /* main.swift in Sources */ = {isa = PBXBuildFile; fileRef = A2A8F0EC1C3168AF00C73B61 /* main.swift */; };
		A2A8F0F41C31692400C73B61 /* Package.swift in Sources */ = {isa = PBXBuildFile; fileRef = A2A8F0F31C31692400C73B61 /* Package.swift */; };
/* End PBXBuildFile section */

/* Begin PBXCopyFilesBuildPhase section */
		A2A8F0E71C3168AF00C73B61 /* CopyFiles */ = {
			isa = PBXCopyFilesBuildPhase;
			buildActionMask = 2147483647;
			dstPath = /usr/share/man/man1/;
			dstSubfolderSpec = 0;
			files = (
			);
			runOnlyForDeploymentPostprocessing = 1;
		};
/* End PBXCopyFilesBuildPhase section */

/* Begin PBXFileReference section */
		3F2EC31B1C69E1AD0070FCCE /* Admin.swift */ = {isa = PBXFileReference; fileEncoding = 4; lastKnownFileType = sourcecode.swift; path = Admin.swift; sourceTree = "<group>"; };
		A242B7001C351AD200AFB4AE /* Utils.swift */ = {isa = PBXFileReference; fileEncoding = 4; lastKnownFileType = sourcecode.swift; path = Utils.swift; sourceTree = "<group>"; };
		A2A8F0E91C3168AF00C73B61 /* BluePic-server */ = {isa = PBXFileReference; explicitFileType = "compiled.mach-o.executable"; includeInIndex = 0; path = "BluePic-server"; sourceTree = BUILT_PRODUCTS_DIR; };
		A2A8F0EC1C3168AF00C73B61 /* main.swift */ = {isa = PBXFileReference; lastKnownFileType = sourcecode.swift; path = main.swift; sourceTree = "<group>"; };
		A2A8F0F31C31692400C73B61 /* Package.swift */ = {isa = PBXFileReference; fileEncoding = 4; lastKnownFileType = sourcecode.swift; path = Package.swift; sourceTree = "<group>"; };
/* End PBXFileReference section */

/* Begin PBXFrameworksBuildPhase section */
		A2A8F0E61C3168AF00C73B61 /* Frameworks */ = {
			isa = PBXFrameworksBuildPhase;
			buildActionMask = 2147483647;
			files = (
			);
			runOnlyForDeploymentPostprocessing = 0;
		};
/* End PBXFrameworksBuildPhase section */

/* Begin PBXGroup section */
		A2A8F0E01C3168AF00C73B61 = {
			isa = PBXGroup;
			children = (
				A2A8F0F31C31692400C73B61 /* Package.swift */,
				A2A8F0EB1C3168AF00C73B61 /* SwiftBluePic-server */,
				A2A8F0EA1C3168AF00C73B61 /* Products */,
			);
			sourceTree = "<group>";
		};
		A2A8F0EA1C3168AF00C73B61 /* Products */ = {
			isa = PBXGroup;
			children = (
				A2A8F0E91C3168AF00C73B61 /* BluePic-server */,
			);
			name = Products;
			sourceTree = "<group>";
		};
		A2A8F0EB1C3168AF00C73B61 /* SwiftBluePic-server */ = {
			isa = PBXGroup;
			children = (
				A2A8F0EC1C3168AF00C73B61 /* main.swift */,
				A242B7001C351AD200AFB4AE /* Utils.swift */,
				3F2EC31B1C69E1AD0070FCCE /* Admin.swift */,
			);
			path = "SwiftBluePic-server";
			sourceTree = "<group>";
		};
/* End PBXGroup section */

/* Begin PBXNativeTarget section */
		A2A8F0E81C3168AF00C73B61 /* BluePic-server */ = {
			isa = PBXNativeTarget;
			buildConfigurationList = A2A8F0F01C3168AF00C73B61 /* Build configuration list for PBXNativeTarget "BluePic-server" */;
			buildPhases = (
				A2A8F0E51C3168AF00C73B61 /* Sources */,
				A2A8F0E61C3168AF00C73B61 /* Frameworks */,
				A2A8F0E71C3168AF00C73B61 /* CopyFiles */,
			);
			buildRules = (
			);
			dependencies = (
			);
			name = "BluePic-server";
			productName = "BluePic-server";
			productReference = A2A8F0E91C3168AF00C73B61 /* BluePic-server */;
			productType = "com.apple.product-type.tool";
		};
/* End PBXNativeTarget section */

/* Begin PBXProject section */
		A2A8F0E11C3168AF00C73B61 /* Project object */ = {
			isa = PBXProject;
			attributes = {
				LastSwiftUpdateCheck = 0720;
				LastUpgradeCheck = 0720;
				ORGANIZATIONNAME = IBM;
				TargetAttributes = {
					A2A8F0E81C3168AF00C73B61 = {
						CreatedOnToolsVersion = 7.2;
					};
				};
			};
			buildConfigurationList = A2A8F0E41C3168AF00C73B61 /* Build configuration list for PBXProject "SwiftBluePic-server" */;
			compatibilityVersion = "Xcode 3.2";
			developmentRegion = English;
			hasScannedForEncodings = 0;
			knownRegions = (
				en,
			);
			mainGroup = A2A8F0E01C3168AF00C73B61;
			productRefGroup = A2A8F0EA1C3168AF00C73B61 /* Products */;
			projectDirPath = "";
			projectRoot = "";
			targets = (
				A2A8F0E81C3168AF00C73B61 /* BluePic-server */,
			);
		};
/* End PBXProject section */

/* Begin PBXSourcesBuildPhase section */
		A2A8F0E51C3168AF00C73B61 /* Sources */ = {
			isa = PBXSourcesBuildPhase;
			buildActionMask = 2147483647;
			files = (
				A2A8F0F41C31692400C73B61 /* Package.swift in Sources */,
				A2A8F0ED1C3168AF00C73B61 /* main.swift in Sources */,
				A242B7011C351AD200AFB4AE /* Utils.swift in Sources */,
				3F2EC31C1C69E1AD0070FCCE /* Admin.swift in Sources */,
			);
			runOnlyForDeploymentPostprocessing = 0;
		};
/* End PBXSourcesBuildPhase section */

/* Begin XCBuildConfiguration section */
		A2A8F0EE1C3168AF00C73B61 /* Debug */ = {
			isa = XCBuildConfiguration;
			buildSettings = {
				ALWAYS_SEARCH_USER_PATHS = NO;
				CLANG_CXX_LANGUAGE_STANDARD = "gnu++0x";
				CLANG_CXX_LIBRARY = "libc++";
				CLANG_ENABLE_MODULES = YES;
				CLANG_ENABLE_OBJC_ARC = YES;
				CLANG_WARN_BOOL_CONVERSION = YES;
				CLANG_WARN_CONSTANT_CONVERSION = YES;
				CLANG_WARN_DIRECT_OBJC_ISA_USAGE = YES_ERROR;
				CLANG_WARN_EMPTY_BODY = YES;
				CLANG_WARN_ENUM_CONVERSION = YES;
				CLANG_WARN_INT_CONVERSION = YES;
				CLANG_WARN_OBJC_ROOT_CLASS = YES_ERROR;
				CLANG_WARN_UNREACHABLE_CODE = YES;
				CLANG_WARN__DUPLICATE_METHOD_MATCH = YES;
				CODE_SIGN_IDENTITY = "-";
				COPY_PHASE_STRIP = NO;
				DEBUG_INFORMATION_FORMAT = dwarf;
				ENABLE_STRICT_OBJC_MSGSEND = YES;
				ENABLE_TESTABILITY = YES;
				GCC_C_LANGUAGE_STANDARD = gnu99;
				GCC_DYNAMIC_NO_PIC = NO;
				GCC_NO_COMMON_BLOCKS = YES;
				GCC_OPTIMIZATION_LEVEL = 0;
				GCC_PREPROCESSOR_DEFINITIONS = (
					"DEBUG=1",
					"$(inherited)",
				);
				GCC_WARN_64_TO_32_BIT_CONVERSION = YES;
				GCC_WARN_ABOUT_RETURN_TYPE = YES_ERROR;
				GCC_WARN_UNDECLARED_SELECTOR = YES;
				GCC_WARN_UNINITIALIZED_AUTOS = YES_AGGRESSIVE;
				GCC_WARN_UNUSED_FUNCTION = YES;
				GCC_WARN_UNUSED_VARIABLE = YES;
				MACOSX_DEPLOYMENT_TARGET = 10.11;
				MTL_ENABLE_DEBUG_INFO = YES;
				ONLY_ACTIVE_ARCH = YES;
				SDKROOT = macosx;
				SWIFT_OPTIMIZATION_LEVEL = "-Onone";
			};
			name = Debug;
		};
		A2A8F0EF1C3168AF00C73B61 /* Release */ = {
			isa = XCBuildConfiguration;
			buildSettings = {
				ALWAYS_SEARCH_USER_PATHS = NO;
				CLANG_CXX_LANGUAGE_STANDARD = "gnu++0x";
				CLANG_CXX_LIBRARY = "libc++";
				CLANG_ENABLE_MODULES = YES;
				CLANG_ENABLE_OBJC_ARC = YES;
				CLANG_WARN_BOOL_CONVERSION = YES;
				CLANG_WARN_CONSTANT_CONVERSION = YES;
				CLANG_WARN_DIRECT_OBJC_ISA_USAGE = YES_ERROR;
				CLANG_WARN_EMPTY_BODY = YES;
				CLANG_WARN_ENUM_CONVERSION = YES;
				CLANG_WARN_INT_CONVERSION = YES;
				CLANG_WARN_OBJC_ROOT_CLASS = YES_ERROR;
				CLANG_WARN_UNREACHABLE_CODE = YES;
				CLANG_WARN__DUPLICATE_METHOD_MATCH = YES;
				CODE_SIGN_IDENTITY = "-";
				COPY_PHASE_STRIP = NO;
				DEBUG_INFORMATION_FORMAT = "dwarf-with-dsym";
				ENABLE_NS_ASSERTIONS = NO;
				ENABLE_STRICT_OBJC_MSGSEND = YES;
				GCC_C_LANGUAGE_STANDARD = gnu99;
				GCC_NO_COMMON_BLOCKS = YES;
				GCC_WARN_64_TO_32_BIT_CONVERSION = YES;
				GCC_WARN_ABOUT_RETURN_TYPE = YES_ERROR;
				GCC_WARN_UNDECLARED_SELECTOR = YES;
				GCC_WARN_UNINITIALIZED_AUTOS = YES_AGGRESSIVE;
				GCC_WARN_UNUSED_FUNCTION = YES;
				GCC_WARN_UNUSED_VARIABLE = YES;
				MACOSX_DEPLOYMENT_TARGET = 10.11;
				MTL_ENABLE_DEBUG_INFO = NO;
				SDKROOT = macosx;
			};
			name = Release;
		};
		A2A8F0F11C3168AF00C73B61 /* Debug */ = {
			isa = XCBuildConfiguration;
			buildSettings = {
				PRODUCT_NAME = "$(TARGET_NAME)";
			};
			name = Debug;
		};
		A2A8F0F21C3168AF00C73B61 /* Release */ = {
			isa = XCBuildConfiguration;
			buildSettings = {
				PRODUCT_NAME = "$(TARGET_NAME)";
			};
			name = Release;
		};
/* End XCBuildConfiguration section */

/* Begin XCConfigurationList section */
		A2A8F0E41C3168AF00C73B61 /* Build configuration list for PBXProject "SwiftBluePic-server" */ = {
			isa = XCConfigurationList;
			buildConfigurations = (
				A2A8F0EE1C3168AF00C73B61 /* Debug */,
				A2A8F0EF1C3168AF00C73B61 /* Release */,
			);
			defaultConfigurationIsVisible = 0;
			defaultConfigurationName = Release;
		};
		A2A8F0F01C3168AF00C73B61 /* Build configuration list for PBXNativeTarget "BluePic-server" */ = {
			isa = XCConfigurationList;
			buildConfigurations = (
				A2A8F0F11C3168AF00C73B61 /* Debug */,
				A2A8F0F21C3168AF00C73B61 /* Release */,
			);
			defaultConfigurationIsVisible = 0;
			defaultConfigurationName = Release;
		};
/* End XCConfigurationList section */
	};
	rootObject = A2A8F0E11C3168AF00C73B61 /* Project object */;
}
