PODS:
  - BMSAnalyticsAPI (2.0.0)
  - BMSCore (2.0.1):
    - BMSAnalyticsAPI (~> 2.0)
  - BMSFacebookAuthentication (2.0.1):
    - BMSSecurity (~> 2.0)
    - FBSDKLoginKit (~> 4.9)
  - BMSPush (2.0.01):
    - BMSCore (~> 2.0)
  - BMSSecurity (2.0.1):
    - BMSCore (~> 2.0)
  - Bolts (1.8.4):
    - Bolts/AppLinks (= 1.8.4)
    - Bolts/Tasks (= 1.8.4)
  - Bolts/AppLinks (1.8.4):
    - Bolts/Tasks
  - Bolts/Tasks (1.8.4)
  - FBSDKCoreKit (4.16.0):
    - Bolts (~> 1.7)
  - FBSDKLoginKit (4.16.0):
    - FBSDKCoreKit
  - SDWebImage (3.8.2):
    - SDWebImage/Core (= 3.8.2)
  - SDWebImage/Core (3.8.2)
  - SVProgressHUD (2.0.3)

DEPENDENCIES:
  - BMSFacebookAuthentication
  - BMSPush
  - SDWebImage (~> 3.7)
  - SVProgressHUD

SPEC CHECKSUMS:
  BMSAnalyticsAPI: 04dcc022b5123f3615c2de766a7cfc052a541ad1
  BMSCore: c776498a6e1ce04905fbaf67a99b68b2f7d4c8e1
  BMSFacebookAuthentication: d47e3819a8627f4ad401e2c6ae890e31afc6c102
  BMSPush: 6296850c297567a128da27029f31e006f85f5492
  BMSSecurity: c8611fe3d5a3825a75a7362c47900d4d9d37da96
  Bolts: 8a7995239dbe724f9cba2248b766d48b7ebdd322
  FBSDKCoreKit: 7a6baaed4a2b2a244ba253346713bdbc74df135b
  FBSDKLoginKit: 9a514a55a7d05190f64d4ef09502737588b5b561
  SDWebImage: 098e97e6176540799c27e804c96653ee0833d13c
  SVProgressHUD: b0830714205bea1317ea1a2ebc71e5633af334d4

PODFILE CHECKSUM: a92daf1827d4fade680977520b6c0331c2c3b3ab

COCOAPODS: 1.1.0.beta.2
