PODS:
  - Bolts (1.5.0):
    - Bolts/AppLinks (= 1.5.0)
    - Bolts/Tasks (= 1.5.0)
  - Bolts/AppLinks (1.5.0):
    - Bolts/Tasks
  - Bolts/Tasks (1.5.0)
  - CDTDatastore (1.0.0):
    - CDTDatastore/standard (= 1.0.0)
  - CDTDatastore/common-dependencies (1.0.0):
    - CDTDatastore/no-arc
    - CocoaLumberjack (~> 2.0)
  - CDTDatastore/no-arc (1.0.0)
  - CDTDatastore/standard (1.0.0):
    - CDTDatastore/common-dependencies
    - FMDB (= 2.3)
  - CocoaLumberjack (2.2.0):
    - CocoaLumberjack/Default (= 2.2.0)
    - CocoaLumberjack/Extensions (= 2.2.0)
  - CocoaLumberjack/Core (2.2.0)
  - CocoaLumberjack/Default (2.2.0):
    - CocoaLumberjack/Core
  - CocoaLumberjack/Extensions (2.2.0):
    - CocoaLumberjack/Default
  - Facebook-iOS-SDK (3.24.1):
    - Bolts (~> 1.2)
  - FMDB (2.3):
    - FMDB/standard (= 2.3)
  - FMDB/common (2.3)
  - FMDB/standard (2.3):
    - FMDB/common
  - IMFCore (1.0.7)
  - IMFFacebookAuthentication (1.0.0):
    - Facebook-iOS-SDK (~> 3.19)
    - IMFCore (~> 1.0.0)
  - SDWebImage (3.7.3):
    - SDWebImage/Core (= 3.7.3)
  - SDWebImage/Core (3.7.3)

DEPENDENCIES:
  - CDTDatastore
  - IMFFacebookAuthentication
  - SDWebImage (~> 3.7)

SPEC CHECKSUMS:
  Bolts: 722ab9a4f8b50fc4ed1b9998a5a7a2b3f16d80b4
  CDTDatastore: ff31119f168689ab9ab7b339b02327f21a2b3cfa
  CocoaLumberjack: 17fe8581f84914d5d7e6360f7c70022b173c3ae0
  Facebook-iOS-SDK: 08689c2690dc4e087b9c8e171e48667608b72a2a
  FMDB: 773d79bb74226959b7e2286b1d6e0bd857c88915
  IMFCore: dfba72f52c9c55a5a0bd6bfe9b9e43e8db4de526
  IMFFacebookAuthentication: 065e0b5d377ecdb6e5fafb160fecb8d359b04375
  SDWebImage: 1d2b1a1efda1ade1b00b6f8498865f8ddedc8a84

COCOAPODS: 0.39.0
