{
  "object": {
    "pins": [
      {
        "package": "BluemixAppID",
        "repositoryURL": "https://github.com/ibm-cloud-security/appid-serversdk-swift.git",
        "state": {
          "branch": null,
          "revision": "f34bec047af0369a8eaa961b66a78886fbdb202b",
          "version": "2.0.0"
        }
      },
      {
        "package": "BluemixObjectStorage",
        "repositoryURL": "https://github.com/ibm-bluemix-mobile-services/bluemix-objectstorage-serversdk-swift.git",
        "state": {
          "branch": null,
          "revision": "be3594993c8e6978067bf12002d12b095bb76ff7",
          "version": "0.8.0"
        }
      },
      {
        "package": "BluemixPushNotifications",
        "repositoryURL": "https://github.com/ibm-bluemix-mobile-services/bms-pushnotifications-serversdk-swift.git",
        "state": {
          "branch": null,
          "revision": "f0b576cd8fe70b906023b6013f698aebcc206467",
          "version": "0.6.1"
        }
      },
      {
        "package": "CCurl",
        "repositoryURL": "https://github.com/IBM-Swift/CCurl.git",
        "state": {
          "branch": null,
          "revision": "f481bd86e58787824cc1c1ec1786e03b67831f38",
          "version": "0.4.1"
        }
      },
      {
        "package": "CircuitBreaker",
        "repositoryURL": "https://github.com/IBM-Swift/CircuitBreaker.git",
        "state": {
          "branch": null,
          "revision": "7f6fe4ced83ddea67ac59f86724638d4e1619039",
          "version": "2.0.1"
        }
      },
      {
        "package": "CloudEnvironment",
        "repositoryURL": "https://github.com/IBM-Swift/CloudEnvironment.git",
        "state": {
          "branch": "issue.cloudfunctions",
          "revision": "95dc9997de623c89526e160301387e5ed4964714",
          "version": null
        }
      },
      {
        "package": "CloudFoundryDeploymentTracker",
        "repositoryURL": "https://github.com/IBM-Bluemix/cf-deployment-tracker-client-swift.git",
        "state": {
          "branch": null,
          "revision": "157d8bc9d6a4aaf32f1609361c08bcd9f397eaad",
          "version": "5.0.0"
        }
      },
      {
        "package": "CloudFoundryEnv",
        "repositoryURL": "https://github.com/IBM-Swift/Swift-cfenv.git",
        "state": {
          "branch": null,
          "revision": "b58de4a3158dde0c81912e774cb92a38f8d9368a",
          "version": "5.0.0"
        }
      },
      {
        "package": "CommonCrypto",
        "repositoryURL": "https://github.com/IBM-Swift/CommonCrypto.git",
        "state": {
          "branch": null,
          "revision": "9156d238dbc4c15455b77b45e721b2bb0b995e31",
          "version": "0.1.5"
        }
      },
      {
        "package": "Configuration",
        "repositoryURL": "https://github.com/IBM-Swift/Configuration.git",
        "state": {
          "branch": null,
          "revision": "20e2167fc80a039e3ee75ff3940c19c71084395e",
          "version": "2.0.0"
        }
      },
      {
        "package": "Cryptor",
        "repositoryURL": "https://github.com/IBM-Swift/BlueCryptor.git",
        "state": {
          "branch": null,
          "revision": "16f9c7ddcbe11bbd32106a791ebef2108a4e9183",
          "version": "0.8.21"
        }
      },
      {
        "package": "HeliumLogger",
        "repositoryURL": "https://github.com/IBM-Swift/HeliumLogger.git",
        "state": {
          "branch": null,
          "revision": "2afeb4c02f5a48a7fbd081fe8607b91eeebd7ecb",
          "version": "1.7.1"
        }
      },
      {
        "package": "Kitura",
        "repositoryURL": "https://github.com/IBM-Swift/Kitura.git",
        "state": {
          "branch": null,
          "revision": "744a8fbc25a94f598d77662fd71eaa25d789c3fe",
          "version": "2.0.0"
        }
      },
      {
        "package": "Kitura-CouchDB",
        "repositoryURL": "https://github.com/IBM-Swift/Kitura-CouchDB.git",
        "state": {
          "branch": null,
          "revision": "dcdc61061553306226c92768c3b44485379e39a7",
          "version": "1.7.2"
        }
      },
      {
        "package": "Kitura-Credentials",
        "repositoryURL": "https://github.com/IBM-Swift/Kitura-Credentials.git",
        "state": {
          "branch": null,
          "revision": "0d67b58bd62df6094d44f3dfdc2a1d7d85f2e3ce",
          "version": "2.0.0"
        }
      },
      {
        "package": "Kitura-CredentialsFacebook",
        "repositoryURL": "https://github.com/IBM-Swift/Kitura-CredentialsFacebook.git",
        "state": {
          "branch": null,
          "revision": "34abb650d5b28b289ca96309a55573e883fb0366",
          "version": "2.0.0"
        }
      },
      {
        "package": "Kitura-Session",
        "repositoryURL": "https://github.com/IBM-Swift/Kitura-Session.git",
        "state": {
          "branch": null,
          "revision": "e526feb5931caf54918b0e68cf18fa2646fbab09",
          "version": "2.0.0"
        }
      },
      {
        "package": "Kitura-TemplateEngine",
        "repositoryURL": "https://github.com/IBM-Swift/Kitura-TemplateEngine.git",
        "state": {
          "branch": null,
          "revision": "8e75a213bf4dd7b5effd03848335e344535969aa",
          "version": "1.7.2"
        }
      },
      {
        "package": "Kitura-net",
        "repositoryURL": "https://github.com/IBM-Swift/Kitura-net.git",
        "state": {
          "branch": null,
          "revision": "c29812e62855d34d32305e1dc06d2f1df5224df7",
          "version": "1.7.19"
        }
      },
      {
        "package": "KituraContracts",
        "repositoryURL": "https://github.com/IBM-Swift/KituraContracts.git",
        "state": {
          "branch": null,
          "revision": "60ad79cfffeeb9693f53dd68067783d4fde5dc4d",
          "version": "0.0.14"
        }
      },
      {
        "package": "KituraRequest",
        "repositoryURL": "https://github.com/IBM-Swift/Kitura-Request.git",
        "state": {
          "branch": null,
          "revision": "0330cb176e02c7690b4e6445e560647513305ac9",
          "version": "0.8.2"
        }
      },
      {
        "package": "LoggerAPI",
        "repositoryURL": "https://github.com/IBM-Swift/LoggerAPI.git",
        "state": {
          "branch": null,
          "revision": "6b62fe66da9b8794d6581e5c341710eea3173cd4",
          "version": "1.7.1"
        }
      },
      {
        "package": "MetricsTrackerClient",
        "repositoryURL": "https://github.com/IBM/metrics-collector-client-swift",
        "state": {
          "branch": null,
          "revision": "89059c0a99f60385f039ced9f0f57a1e928cb443",
          "version": "5.0.3"
        }
      },
      {
        "package": "SSLService",
        "repositoryURL": "https://github.com/IBM-Swift/BlueSSLService.git",
        "state": {
          "branch": null,
          "revision": "7adf7cacc447d447df5dcc3058cabd402177c5aa",
          "version": "0.12.64"
        }
      },
      {
        "package": "SimpleHttpClient",
        "repositoryURL": "https://github.com/ibm-bluemix-mobile-services/bluemix-simple-http-client-swift.git",
        "state": {
          "branch": null,
          "revision": "5b1dcaefa5098e7df91df3043d7a69e5cded11f0",
          "version": "0.7.0"
        }
      },
      {
        "package": "SimpleLogger",
        "repositoryURL": "https://github.com/ibm-bluemix-mobile-services/bluemix-simple-logger-swift.git",
        "state": {
          "branch": null,
          "revision": "1638bc35f1b23ebcc3da41ab955a841d00bbedb5",
          "version": "0.5.0"
        }
      },
      {
        "package": "Socket",
        "repositoryURL": "https://github.com/IBM-Swift/BlueSocket.git",
        "state": {
          "branch": null,
          "revision": "00b126a2c19520bbf51cd26e8c0cc41dacbc5a05",
          "version": "0.12.76"
        }
      },
      {
        "package": "SwiftyJSON",
        "repositoryURL": "https://github.com/IBM-Swift/SwiftyJSON.git",
        "state": {
          "branch": null,
          "revision": "1190845cf7d25a5c8ea7653fe03dcdd39a082056",
          "version": "17.0.0"
        }
      },
      {
        "package": "SwiftyRequest",
        "repositoryURL": "https://github.com/IBM-Swift/SwiftyRequest",
        "state": {
          "branch": null,
          "revision": "0bfab0f6ead80636eb92ada433b10586bdb7faff",
          "version": "0.0.6"
        }
      },
      {
        "package": "Yaml",
        "repositoryURL": "https://github.com/behrang/YamlSwift.git",
        "state": {
          "branch": null,
          "revision": "901c4943f3206afb3b965bad2d1338e3c4fdbeba",
          "version": "3.4.0"
        }
      }
    ]
  },
  "version": 1
}
